<?xml version="1.0" encoding="utf-8"?>
<Project ToolsVersion="17.0" xmlns="http://schemas.microsoft.com/developer/msbuild/2003">
  <ItemGroup>
    <ClCompile Include="C:\Users\Elena\Documents\GitHub\ppc-2024-autumn\1stsamples\mpi_boost\main.cpp">
      <Filter>Source Files</Filter>
    </ClCompile>
  </ItemGroup>
  <ItemGroup>
    <CustomBuild Include="C:\Users\Elena\Documents\GitHub\ppc-2024-autumn\1stsamples\mpi_boost\CMakeLists.txt" />
  </ItemGroup>
  <ItemGroup>
    <Filter Include="Source Files">
      <UniqueIdentifier>{F56007BF-5788-31D3-87F4-98B9EE59C5DF}</UniqueIdentifier>
    </Filter>
  </ItemGroup>
</Project>
