<?xml version="1.0" encoding="utf-8"?>
<Project ToolsVersion="17.0" xmlns="http://schemas.microsoft.com/developer/msbuild/2003">
  <ItemGroup>
    <CustomBuild Include="D:\Laba_ppc\ppc-2024-autumn\modules\ref\CMakeLists.txt" />
  </ItemGroup>
  <ItemGroup>
    <None Include="D:\Laba_ppc\ppc-2024-autumn\modules\ref\average_of_vector_elements\include\ref_task.hpp">
      <Filter>Header Files</Filter>
    </None>
    <None Include="D:\Laba_ppc\ppc-2024-autumn\modules\ref\max_of_vector_elements\include\ref_task.hpp">
      <Filter>Header Files</Filter>
    </None>
    <None Include="D:\Laba_ppc\ppc-2024-autumn\modules\ref\min_of_vector_elements\include\ref_task.hpp">
      <Filter>Header Files</Filter>
    </None>
    <None Include="D:\Laba_ppc\ppc-2024-autumn\modules\ref\most_different_neighbor_elements\include\ref_task.hpp">
      <Filter>Header Files</Filter>
    </None>
    <None Include="D:\Laba_ppc\ppc-2024-autumn\modules\ref\nearest_neighbor_elements\include\ref_task.hpp">
      <Filter>Header Files</Filter>
    </None>
    <None Include="D:\Laba_ppc\ppc-2024-autumn\modules\ref\num_of_alternations_signs\include\ref_task.hpp">
      <Filter>Header Files</Filter>
    </None>
    <None Include="D:\Laba_ppc\ppc-2024-autumn\modules\ref\num_of_orderly_violations\include\ref_task.hpp">
      <Filter>Header Files</Filter>
    </None>
    <None Include="D:\Laba_ppc\ppc-2024-autumn\modules\ref\sum_of_vector_elements\include\ref_task.hpp">
      <Filter>Header Files</Filter>
    </None>
    <None Include="D:\Laba_ppc\ppc-2024-autumn\modules\ref\sum_values_by_rows_matrix\include\ref_task.hpp">
      <Filter>Header Files</Filter>
    </None>
    <None Include="D:\Laba_ppc\ppc-2024-autumn\modules\ref\vector_dot_product\include\ref_task.hpp">
      <Filter>Header Files</Filter>
    </None>
  </ItemGroup>
  <ItemGroup>
    <Filter Include="Header Files">
      <UniqueIdentifier>{13301C74-5CF5-3329-ABA8-48A09D9957D4}</UniqueIdentifier>
    </Filter>
  </ItemGroup>
</Project>
