
Microsoft Visual Studio Solution File, Format Version 12.00
# Visual Studio Version 17
Project("{8BC9CEB8-8B4A-11D0-8D11-00A0C91BC942}") = "ALL_BUILD", "ALL_BUILD.vcxproj", "{2BB5ADDA-2449-3DD6-981D-750B27EAFDCA}"
	ProjectSection(ProjectDependencies) = postProject
		{63693B1C-1FCC-3289-89AB-91B345E8AB76} = {63693B1C-1FCC-3289-89AB-91B345E8AB76}
		{885C5FB6-0624-360D-ACD0-D13B673C8052} = {885C5FB6-0624-360D-ACD0-D13B673C8052}
		{B4DCBFC2-8519-341B-A8B5-97A34FF6B461} = {B4DCBFC2-8519-341B-A8B5-97A34FF6B461}
		{4310D8EA-631F-33C2-922B-637C7EC46097} = {4310D8EA-631F-33C2-922B-637C7EC46097}
		{4A908187-9442-3E5B-87EB-AD6925A062BD} = {4A908187-9442-3E5B-87EB-AD6925A062BD}
		{CDE2C33C-54D7-30B4-8259-C5348E009F58} = {CDE2C33C-54D7-30B4-8259-C5348E009F58}
		{4C2FC6E6-EEFB-3896-996C-DABF483034F2} = {4C2FC6E6-EEFB-3896-996C-DABF483034F2}
		{043F736C-0161-3AD0-9B20-1F785F7878BA} = {043F736C-0161-3AD0-9B20-1F785F7878BA}
		{EC14D9EB-7453-3AE6-818C-F1E17129D4A6} = {EC14D9EB-7453-3AE6-818C-F1E17129D4A6}
		{9C2120A8-57D1-3AA5-B3D4-50A813A045BC} = {9C2120A8-57D1-3AA5-B3D4-50A813A045BC}
		{6E9FA3C7-4DEA-313A-9B24-712B8881A22F} = {6E9FA3C7-4DEA-313A-9B24-712B8881A22F}
		{A0366D5A-B36E-382D-A98F-411256629CF7} = {A0366D5A-B36E-382D-A98F-411256629CF7}
		{9710E7B4-811D-3B25-BEC1-873040CCE002} = {9710E7B4-811D-3B25-BEC1-873040CCE002}
		{D73C37EC-CD6F-3314-B5C0-6611FE47401D} = {D73C37EC-CD6F-3314-B5C0-6611FE47401D}
		{FEC64DA7-2F0B-3763-B55D-4D59B6874E45} = {FEC64DA7-2F0B-3763-B55D-4D59B6874E45}
		{C0520F86-E2F7-3E77-B1DD-B6B564C8A5E7} = {C0520F86-E2F7-3E77-B1DD-B6B564C8A5E7}
		{7C8AB643-3EE3-3D10-ADC9-F0823FDB8F61} = {7C8AB643-3EE3-3D10-ADC9-F0823FDB8F61}
		{EB1ECC45-4B2B-33B7-A691-1C7A4CEFA49D} = {EB1ECC45-4B2B-33B7-A691-1C7A4CEFA49D}
		{97BBD804-3A0E-3A82-A9BE-C8CCE4E10D61} = {97BBD804-3A0E-3A82-A9BE-C8CCE4E10D61}
		{7DB232ED-F603-3EFA-9DD6-9C3D26EC89C3} = {7DB232ED-F603-3EFA-9DD6-9C3D26EC89C3}
		{F0643B28-2436-3AC2-89A6-9B874A85744D} = {F0643B28-2436-3AC2-89A6-9B874A85744D}
		{53525567-911C-3CBD-965D-D4850E2F147F} = {53525567-911C-3CBD-965D-D4850E2F147F}
		{A4D75FB0-68CC-3C0A-983F-6DA689D6E3C4} = {A4D75FB0-68CC-3C0A-983F-6DA689D6E3C4}
		{7A99C050-8441-3DC7-BD45-427E759EA96E} = {7A99C050-8441-3DC7-BD45-427E759EA96E}
		{DB6B9BE0-E57A-3039-A028-0D614F1B2D30} = {DB6B9BE0-E57A-3039-A028-0D614F1B2D30}
		{27646373-5460-3B2D-980C-F951E6C89B5C} = {27646373-5460-3B2D-980C-F951E6C89B5C}
		{41BC7F31-8EEF-3166-99C3-F5F711495CA4} = {41BC7F31-8EEF-3166-99C3-F5F711495CA4}
		{B407DBDF-F5B4-32F3-8F1D-F8F637C3DB3C} = {B407DBDF-F5B4-32F3-8F1D-F8F637C3DB3C}
	EndProjectSection
EndProject
Project("{8BC9CEB8-8B4A-11D0-8D11-00A0C91BC942}") = "ZERO_CHECK", "ZERO_CHECK.vcxproj", "{63693B1C-1FCC-3289-89AB-91B345E8AB76}"
	ProjectSection(ProjectDependencies) = postProject
	EndProjectSection
EndProject
Project("{8BC9CEB8-8B4A-11D0-8D11-00A0C91BC942}") = "core_func_tests", "modules\core\core_func_tests.vcxproj", "{885C5FB6-0624-360D-ACD0-D13B673C8052}"
	ProjectSection(ProjectDependencies) = postProject
		{63693B1C-1FCC-3289-89AB-91B345E8AB76} = {63693B1C-1FCC-3289-89AB-91B345E8AB76}
		{B4DCBFC2-8519-341B-A8B5-97A34FF6B461} = {B4DCBFC2-8519-341B-A8B5-97A34FF6B461}
		{6E9FA3C7-4DEA-313A-9B24-712B8881A22F} = {6E9FA3C7-4DEA-313A-9B24-712B8881A22F}
	EndProjectSection
EndProject
Project("{8BC9CEB8-8B4A-11D0-8D11-00A0C91BC942}") = "core_module_lib", "modules\core\core_module_lib.vcxproj", "{B4DCBFC2-8519-341B-A8B5-97A34FF6B461}"
	ProjectSection(ProjectDependencies) = postProject
		{63693B1C-1FCC-3289-89AB-91B345E8AB76} = {63693B1C-1FCC-3289-89AB-91B345E8AB76}
	EndProjectSection
EndProject
Project("{8BC9CEB8-8B4A-11D0-8D11-00A0C91BC942}") = "mpi_func_tests", "tasks\mpi_func_tests.vcxproj", "{4310D8EA-631F-33C2-922B-637C7EC46097}"
	ProjectSection(ProjectDependencies) = postProject
		{63693B1C-1FCC-3289-89AB-91B345E8AB76} = {63693B1C-1FCC-3289-89AB-91B345E8AB76}
		{B4DCBFC2-8519-341B-A8B5-97A34FF6B461} = {B4DCBFC2-8519-341B-A8B5-97A34FF6B461}
		{4A908187-9442-3E5B-87EB-AD6925A062BD} = {4A908187-9442-3E5B-87EB-AD6925A062BD}
		{9C2120A8-57D1-3AA5-B3D4-50A813A045BC} = {9C2120A8-57D1-3AA5-B3D4-50A813A045BC}
		{6E9FA3C7-4DEA-313A-9B24-712B8881A22F} = {6E9FA3C7-4DEA-313A-9B24-712B8881A22F}
	EndProjectSection
EndProject
Project("{8BC9CEB8-8B4A-11D0-8D11-00A0C91BC942}") = "mpi_module_lib", "tasks\mpi_module_lib.vcxproj", "{4A908187-9442-3E5B-87EB-AD6925A062BD}"
	ProjectSection(ProjectDependencies) = postProject
		{63693B1C-1FCC-3289-89AB-91B345E8AB76} = {63693B1C-1FCC-3289-89AB-91B345E8AB76}
	EndProjectSection
EndProject
Project("{8BC9CEB8-8B4A-11D0-8D11-00A0C91BC942}") = "mpi_perf_tests", "tasks\mpi_perf_tests.vcxproj", "{CDE2C33C-54D7-30B4-8259-C5348E009F58}"
	ProjectSection(ProjectDependencies) = postProject
		{63693B1C-1FCC-3289-89AB-91B345E8AB76} = {63693B1C-1FCC-3289-89AB-91B345E8AB76}
		{B4DCBFC2-8519-341B-A8B5-97A34FF6B461} = {B4DCBFC2-8519-341B-A8B5-97A34FF6B461}
		{4A908187-9442-3E5B-87EB-AD6925A062BD} = {4A908187-9442-3E5B-87EB-AD6925A062BD}
		{9C2120A8-57D1-3AA5-B3D4-50A813A045BC} = {9C2120A8-57D1-3AA5-B3D4-50A813A045BC}
		{6E9FA3C7-4DEA-313A-9B24-712B8881A22F} = {6E9FA3C7-4DEA-313A-9B24-712B8881A22F}
	EndProjectSection
EndProject
Project("{8BC9CEB8-8B4A-11D0-8D11-00A0C91BC942}") = "omp_func_tests", "tasks\omp_func_tests.vcxproj", "{4C2FC6E6-EEFB-3896-996C-DABF483034F2}"
	ProjectSection(ProjectDependencies) = postProject
		{63693B1C-1FCC-3289-89AB-91B345E8AB76} = {63693B1C-1FCC-3289-89AB-91B345E8AB76}
		{B4DCBFC2-8519-341B-A8B5-97A34FF6B461} = {B4DCBFC2-8519-341B-A8B5-97A34FF6B461}
		{043F736C-0161-3AD0-9B20-1F785F7878BA} = {043F736C-0161-3AD0-9B20-1F785F7878BA}
		{6E9FA3C7-4DEA-313A-9B24-712B8881A22F} = {6E9FA3C7-4DEA-313A-9B24-712B8881A22F}
	EndProjectSection
EndProject
Project("{8BC9CEB8-8B4A-11D0-8D11-00A0C91BC942}") = "omp_module_lib", "tasks\omp_module_lib.vcxproj", "{043F736C-0161-3AD0-9B20-1F785F7878BA}"
	ProjectSection(ProjectDependencies) = postProject
		{63693B1C-1FCC-3289-89AB-91B345E8AB76} = {63693B1C-1FCC-3289-89AB-91B345E8AB76}
	EndProjectSection
EndProject
Project("{8BC9CEB8-8B4A-11D0-8D11-00A0C91BC942}") = "omp_perf_tests", "tasks\omp_perf_tests.vcxproj", "{EC14D9EB-7453-3AE6-818C-F1E17129D4A6}"
	ProjectSection(ProjectDependencies) = postProject
		{63693B1C-1FCC-3289-89AB-91B345E8AB76} = {63693B1C-1FCC-3289-89AB-91B345E8AB76}
		{B4DCBFC2-8519-341B-A8B5-97A34FF6B461} = {B4DCBFC2-8519-341B-A8B5-97A34FF6B461}
		{043F736C-0161-3AD0-9B20-1F785F7878BA} = {043F736C-0161-3AD0-9B20-1F785F7878BA}
		{6E9FA3C7-4DEA-313A-9B24-712B8881A22F} = {6E9FA3C7-4DEA-313A-9B24-712B8881A22F}
	EndProjectSection
EndProject
Project("{8BC9CEB8-8B4A-11D0-8D11-00A0C91BC942}") = "ppc_boost", "ppc_boost.vcxproj", "{9C2120A8-57D1-3AA5-B3D4-50A813A045BC}"
	ProjectSection(ProjectDependencies) = postProject
		{63693B1C-1FCC-3289-89AB-91B345E8AB76} = {63693B1C-1FCC-3289-89AB-91B345E8AB76}
	EndProjectSection
EndProject
Project("{8BC9CEB8-8B4A-11D0-8D11-00A0C91BC942}") = "ppc_googletest", "ppc_googletest.vcxproj", "{6E9FA3C7-4DEA-313A-9B24-712B8881A22F}"
	ProjectSection(ProjectDependencies) = postProject
		{63693B1C-1FCC-3289-89AB-91B345E8AB76} = {63693B1C-1FCC-3289-89AB-91B345E8AB76}
	EndProjectSection
EndProject
Project("{8BC9CEB8-8B4A-11D0-8D11-00A0C91BC942}") = "ppc_onetbb", "ppc_onetbb.vcxproj", "{A0366D5A-B36E-382D-A98F-411256629CF7}"
	ProjectSection(ProjectDependencies) = postProject
		{63693B1C-1FCC-3289-89AB-91B345E8AB76} = {63693B1C-1FCC-3289-89AB-91B345E8AB76}
	EndProjectSection
EndProject
Project("{8BC9CEB8-8B4A-11D0-8D11-00A0C91BC942}") = "ref_func_tests", "modules\ref\ref_func_tests.vcxproj", "{9710E7B4-811D-3B25-BEC1-873040CCE002}"
	ProjectSection(ProjectDependencies) = postProject
		{63693B1C-1FCC-3289-89AB-91B345E8AB76} = {63693B1C-1FCC-3289-89AB-91B345E8AB76}
		{B4DCBFC2-8519-341B-A8B5-97A34FF6B461} = {B4DCBFC2-8519-341B-A8B5-97A34FF6B461}
		{6E9FA3C7-4DEA-313A-9B24-712B8881A22F} = {6E9FA3C7-4DEA-313A-9B24-712B8881A22F}
		{D73C37EC-CD6F-3314-B5C0-6611FE47401D} = {D73C37EC-CD6F-3314-B5C0-6611FE47401D}
	EndProjectSection
EndProject
Project("{8BC9CEB8-8B4A-11D0-8D11-00A0C91BC942}") = "ref_module_lib", "modules\ref\ref_module_lib.vcxproj", "{D73C37EC-CD6F-3314-B5C0-6611FE47401D}"
	ProjectSection(ProjectDependencies) = postProject
		{63693B1C-1FCC-3289-89AB-91B345E8AB76} = {63693B1C-1FCC-3289-89AB-91B345E8AB76}
	EndProjectSection
EndProject
Project("{8BC9CEB8-8B4A-11D0-8D11-00A0C91BC942}") = "sample_mpi", "1stsamples\mpi\sample_mpi.vcxproj", "{FEC64DA7-2F0B-3763-B55D-4D59B6874E45}"
	ProjectSection(ProjectDependencies) = postProject
		{63693B1C-1FCC-3289-89AB-91B345E8AB76} = {63693B1C-1FCC-3289-89AB-91B345E8AB76}
	EndProjectSection
EndProject
Project("{8BC9CEB8-8B4A-11D0-8D11-00A0C91BC942}") = "sample_mpi_boost", "1stsamples\mpi_boost\sample_mpi_boost.vcxproj", "{C0520F86-E2F7-3E77-B1DD-B6B564C8A5E7}"
	ProjectSection(ProjectDependencies) = postProject
		{63693B1C-1FCC-3289-89AB-91B345E8AB76} = {63693B1C-1FCC-3289-89AB-91B345E8AB76}
		{9C2120A8-57D1-3AA5-B3D4-50A813A045BC} = {9C2120A8-57D1-3AA5-B3D4-50A813A045BC}
	EndProjectSection
EndProject
Project("{8BC9CEB8-8B4A-11D0-8D11-00A0C91BC942}") = "sample_omp", "1stsamples\omp\sample_omp.vcxproj", "{7C8AB643-3EE3-3D10-ADC9-F0823FDB8F61}"
	ProjectSection(ProjectDependencies) = postProject
		{63693B1C-1FCC-3289-89AB-91B345E8AB76} = {63693B1C-1FCC-3289-89AB-91B345E8AB76}
	EndProjectSection
EndProject
Project("{8BC9CEB8-8B4A-11D0-8D11-00A0C91BC942}") = "sample_stl", "1stsamples\stl\sample_stl.vcxproj", "{EB1ECC45-4B2B-33B7-A691-1C7A4CEFA49D}"
	ProjectSection(ProjectDependencies) = postProject
		{63693B1C-1FCC-3289-89AB-91B345E8AB76} = {63693B1C-1FCC-3289-89AB-91B345E8AB76}
	EndProjectSection
EndProject
Project("{8BC9CEB8-8B4A-11D0-8D11-00A0C91BC942}") = "sample_tbb", "1stsamples\tbb\sample_tbb.vcxproj", "{97BBD804-3A0E-3A82-A9BE-C8CCE4E10D61}"
	ProjectSection(ProjectDependencies) = postProject
		{63693B1C-1FCC-3289-89AB-91B345E8AB76} = {63693B1C-1FCC-3289-89AB-91B345E8AB76}
		{A0366D5A-B36E-382D-A98F-411256629CF7} = {A0366D5A-B36E-382D-A98F-411256629CF7}
	EndProjectSection
EndProject
Project("{8BC9CEB8-8B4A-11D0-8D11-00A0C91BC942}") = "seq_func_tests", "tasks\seq_func_tests.vcxproj", "{7DB232ED-F603-3EFA-9DD6-9C3D26EC89C3}"
	ProjectSection(ProjectDependencies) = postProject
		{63693B1C-1FCC-3289-89AB-91B345E8AB76} = {63693B1C-1FCC-3289-89AB-91B345E8AB76}
		{B4DCBFC2-8519-341B-A8B5-97A34FF6B461} = {B4DCBFC2-8519-341B-A8B5-97A34FF6B461}
		{6E9FA3C7-4DEA-313A-9B24-712B8881A22F} = {6E9FA3C7-4DEA-313A-9B24-712B8881A22F}
		{F0643B28-2436-3AC2-89A6-9B874A85744D} = {F0643B28-2436-3AC2-89A6-9B874A85744D}
	EndProjectSection
EndProject
Project("{8BC9CEB8-8B4A-11D0-8D11-00A0C91BC942}") = "seq_module_lib", "tasks\seq_module_lib.vcxproj", "{F0643B28-2436-3AC2-89A6-9B874A85744D}"
	ProjectSection(ProjectDependencies) = postProject
		{63693B1C-1FCC-3289-89AB-91B345E8AB76} = {63693B1C-1FCC-3289-89AB-91B345E8AB76}
	EndProjectSection
EndProject
Project("{8BC9CEB8-8B4A-11D0-8D11-00A0C91BC942}") = "seq_perf_tests", "tasks\seq_perf_tests.vcxproj", "{53525567-911C-3CBD-965D-D4850E2F147F}"
	ProjectSection(ProjectDependencies) = postProject
		{63693B1C-1FCC-3289-89AB-91B345E8AB76} = {63693B1C-1FCC-3289-89AB-91B345E8AB76}
		{B4DCBFC2-8519-341B-A8B5-97A34FF6B461} = {B4DCBFC2-8519-341B-A8B5-97A34FF6B461}
		{6E9FA3C7-4DEA-313A-9B24-712B8881A22F} = {6E9FA3C7-4DEA-313A-9B24-712B8881A22F}
		{F0643B28-2436-3AC2-89A6-9B874A85744D} = {F0643B28-2436-3AC2-89A6-9B874A85744D}
	EndProjectSection
EndProject
Project("{8BC9CEB8-8B4A-11D0-8D11-00A0C91BC942}") = "stl_func_tests", "tasks\stl_func_tests.vcxproj", "{A4D75FB0-68CC-3C0A-983F-6DA689D6E3C4}"
	ProjectSection(ProjectDependencies) = postProject
		{63693B1C-1FCC-3289-89AB-91B345E8AB76} = {63693B1C-1FCC-3289-89AB-91B345E8AB76}
		{B4DCBFC2-8519-341B-A8B5-97A34FF6B461} = {B4DCBFC2-8519-341B-A8B5-97A34FF6B461}
		{6E9FA3C7-4DEA-313A-9B24-712B8881A22F} = {6E9FA3C7-4DEA-313A-9B24-712B8881A22F}
		{7A99C050-8441-3DC7-BD45-427E759EA96E} = {7A99C050-8441-3DC7-BD45-427E759EA96E}
	EndProjectSection
EndProject
Project("{8BC9CEB8-8B4A-11D0-8D11-00A0C91BC942}") = "stl_module_lib", "tasks\stl_module_lib.vcxproj", "{7A99C050-8441-3DC7-BD45-427E759EA96E}"
	ProjectSection(ProjectDependencies) = postProject
		{63693B1C-1FCC-3289-89AB-91B345E8AB76} = {63693B1C-1FCC-3289-89AB-91B345E8AB76}
	EndProjectSection
EndProject
Project("{8BC9CEB8-8B4A-11D0-8D11-00A0C91BC942}") = "stl_perf_tests", "tasks\stl_perf_tests.vcxproj", "{DB6B9BE0-E57A-3039-A028-0D614F1B2D30}"
	ProjectSection(ProjectDependencies) = postProject
		{63693B1C-1FCC-3289-89AB-91B345E8AB76} = {63693B1C-1FCC-3289-89AB-91B345E8AB76}
		{B4DCBFC2-8519-341B-A8B5-97A34FF6B461} = {B4DCBFC2-8519-341B-A8B5-97A34FF6B461}
		{6E9FA3C7-4DEA-313A-9B24-712B8881A22F} = {6E9FA3C7-4DEA-313A-9B24-712B8881A22F}
		{7A99C050-8441-3DC7-BD45-427E759EA96E} = {7A99C050-8441-3DC7-BD45-427E759EA96E}
	EndProjectSection
EndProject
Project("{8BC9CEB8-8B4A-11D0-8D11-00A0C91BC942}") = "tbb_func_tests", "tasks\tbb_func_tests.vcxproj", "{27646373-5460-3B2D-980C-F951E6C89B5C}"
	ProjectSection(ProjectDependencies) = postProject
		{63693B1C-1FCC-3289-89AB-91B345E8AB76} = {63693B1C-1FCC-3289-89AB-91B345E8AB76}
		{B4DCBFC2-8519-341B-A8B5-97A34FF6B461} = {B4DCBFC2-8519-341B-A8B5-97A34FF6B461}
		{6E9FA3C7-4DEA-313A-9B24-712B8881A22F} = {6E9FA3C7-4DEA-313A-9B24-712B8881A22F}
		{A0366D5A-B36E-382D-A98F-411256629CF7} = {A0366D5A-B36E-382D-A98F-411256629CF7}
		{41BC7F31-8EEF-3166-99C3-F5F711495CA4} = {41BC7F31-8EEF-3166-99C3-F5F711495CA4}
	EndProjectSection
EndProject
Project("{8BC9CEB8-8B4A-11D0-8D11-00A0C91BC942}") = "tbb_module_lib", "tasks\tbb_module_lib.vcxproj", "{41BC7F31-8EEF-3166-99C3-F5F711495CA4}"
	ProjectSection(ProjectDependencies) = postProject
		{63693B1C-1FCC-3289-89AB-91B345E8AB76} = {63693B1C-1FCC-3289-89AB-91B345E8AB76}
	EndProjectSection
EndProject
Project("{8BC9CEB8-8B4A-11D0-8D11-00A0C91BC942}") = "tbb_perf_tests", "tasks\tbb_perf_tests.vcxproj", "{B407DBDF-F5B4-32F3-8F1D-F8F637C3DB3C}"
	ProjectSection(ProjectDependencies) = postProject
		{63693B1C-1FCC-3289-89AB-91B345E8AB76} = {63693B1C-1FCC-3289-89AB-91B345E8AB76}
		{B4DCBFC2-8519-341B-A8B5-97A34FF6B461} = {B4DCBFC2-8519-341B-A8B5-97A34FF6B461}
		{6E9FA3C7-4DEA-313A-9B24-712B8881A22F} = {6E9FA3C7-4DEA-313A-9B24-712B8881A22F}
		{A0366D5A-B36E-382D-A98F-411256629CF7} = {A0366D5A-B36E-382D-A98F-411256629CF7}
		{41BC7F31-8EEF-3166-99C3-F5F711495CA4} = {41BC7F31-8EEF-3166-99C3-F5F711495CA4}
	EndProjectSection
EndProject
Global
	GlobalSection(SolutionConfigurationPlatforms) = preSolution
		Debug|x64 = Debug|x64
		Release|x64 = Release|x64
		MinSizeRel|x64 = MinSizeRel|x64
		RelWithDebInfo|x64 = RelWithDebInfo|x64
	EndGlobalSection
	GlobalSection(ProjectConfigurationPlatforms) = postSolution
		{2BB5ADDA-2449-3DD6-981D-750B27EAFDCA}.Debug|x64.ActiveCfg = Debug|x64
		{2BB5ADDA-2449-3DD6-981D-750B27EAFDCA}.Release|x64.ActiveCfg = Release|x64
		{2BB5ADDA-2449-3DD6-981D-750B27EAFDCA}.MinSizeRel|x64.ActiveCfg = MinSizeRel|x64
		{2BB5ADDA-2449-3DD6-981D-750B27EAFDCA}.RelWithDebInfo|x64.ActiveCfg = RelWithDebInfo|x64
		{63693B1C-1FCC-3289-89AB-91B345E8AB76}.Debug|x64.ActiveCfg = Debug|x64
		{63693B1C-1FCC-3289-89AB-91B345E8AB76}.Debug|x64.Build.0 = Debug|x64
		{63693B1C-1FCC-3289-89AB-91B345E8AB76}.Release|x64.ActiveCfg = Release|x64
		{63693B1C-1FCC-3289-89AB-91B345E8AB76}.Release|x64.Build.0 = Release|x64
		{63693B1C-1FCC-3289-89AB-91B345E8AB76}.MinSizeRel|x64.ActiveCfg = MinSizeRel|x64
		{63693B1C-1FCC-3289-89AB-91B345E8AB76}.MinSizeRel|x64.Build.0 = MinSizeRel|x64
		{63693B1C-1FCC-3289-89AB-91B345E8AB76}.RelWithDebInfo|x64.ActiveCfg = RelWithDebInfo|x64
		{63693B1C-1FCC-3289-89AB-91B345E8AB76}.RelWithDebInfo|x64.Build.0 = RelWithDebInfo|x64
		{885C5FB6-0624-360D-ACD0-D13B673C8052}.Debug|x64.ActiveCfg = Debug|x64
		{885C5FB6-0624-360D-ACD0-D13B673C8052}.Debug|x64.Build.0 = Debug|x64
		{885C5FB6-0624-360D-ACD0-D13B673C8052}.Release|x64.ActiveCfg = Release|x64
		{885C5FB6-0624-360D-ACD0-D13B673C8052}.Release|x64.Build.0 = Release|x64
		{885C5FB6-0624-360D-ACD0-D13B673C8052}.MinSizeRel|x64.ActiveCfg = MinSizeRel|x64
		{885C5FB6-0624-360D-ACD0-D13B673C8052}.MinSizeRel|x64.Build.0 = MinSizeRel|x64
		{885C5FB6-0624-360D-ACD0-D13B673C8052}.RelWithDebInfo|x64.ActiveCfg = RelWithDebInfo|x64
		{885C5FB6-0624-360D-ACD0-D13B673C8052}.RelWithDebInfo|x64.Build.0 = RelWithDebInfo|x64
		{B4DCBFC2-8519-341B-A8B5-97A34FF6B461}.Debug|x64.ActiveCfg = Debug|x64
		{B4DCBFC2-8519-341B-A8B5-97A34FF6B461}.Debug|x64.Build.0 = Debug|x64
		{B4DCBFC2-8519-341B-A8B5-97A34FF6B461}.Release|x64.ActiveCfg = Release|x64
		{B4DCBFC2-8519-341B-A8B5-97A34FF6B461}.Release|x64.Build.0 = Release|x64
		{B4DCBFC2-8519-341B-A8B5-97A34FF6B461}.MinSizeRel|x64.ActiveCfg = MinSizeRel|x64
		{B4DCBFC2-8519-341B-A8B5-97A34FF6B461}.MinSizeRel|x64.Build.0 = MinSizeRel|x64
		{B4DCBFC2-8519-341B-A8B5-97A34FF6B461}.RelWithDebInfo|x64.ActiveCfg = RelWithDebInfo|x64
		{B4DCBFC2-8519-341B-A8B5-97A34FF6B461}.RelWithDebInfo|x64.Build.0 = RelWithDebInfo|x64
		{4310D8EA-631F-33C2-922B-637C7EC46097}.Debug|x64.ActiveCfg = Debug|x64
		{4310D8EA-631F-33C2-922B-637C7EC46097}.Debug|x64.Build.0 = Debug|x64
		{4310D8EA-631F-33C2-922B-637C7EC46097}.Release|x64.ActiveCfg = Release|x64
		{4310D8EA-631F-33C2-922B-637C7EC46097}.Release|x64.Build.0 = Release|x64
		{4310D8EA-631F-33C2-922B-637C7EC46097}.MinSizeRel|x64.ActiveCfg = MinSizeRel|x64
		{4310D8EA-631F-33C2-922B-637C7EC46097}.MinSizeRel|x64.Build.0 = MinSizeRel|x64
		{4310D8EA-631F-33C2-922B-637C7EC46097}.RelWithDebInfo|x64.ActiveCfg = RelWithDebInfo|x64
		{4310D8EA-631F-33C2-922B-637C7EC46097}.RelWithDebInfo|x64.Build.0 = RelWithDebInfo|x64
		{4A908187-9442-3E5B-87EB-AD6925A062BD}.Debug|x64.ActiveCfg = Debug|x64
		{4A908187-9442-3E5B-87EB-AD6925A062BD}.Debug|x64.Build.0 = Debug|x64
		{4A908187-9442-3E5B-87EB-AD6925A062BD}.Release|x64.ActiveCfg = Release|x64
		{4A908187-9442-3E5B-87EB-AD6925A062BD}.Release|x64.Build.0 = Release|x64
		{4A908187-9442-3E5B-87EB-AD6925A062BD}.MinSizeRel|x64.ActiveCfg = MinSizeRel|x64
		{4A908187-9442-3E5B-87EB-AD6925A062BD}.MinSizeRel|x64.Build.0 = MinSizeRel|x64
		{4A908187-9442-3E5B-87EB-AD6925A062BD}.RelWithDebInfo|x64.ActiveCfg = RelWithDebInfo|x64
		{4A908187-9442-3E5B-87EB-AD6925A062BD}.RelWithDebInfo|x64.Build.0 = RelWithDebInfo|x64
		{CDE2C33C-54D7-30B4-8259-C5348E009F58}.Debug|x64.ActiveCfg = Debug|x64
		{CDE2C33C-54D7-30B4-8259-C5348E009F58}.Debug|x64.Build.0 = Debug|x64
		{CDE2C33C-54D7-30B4-8259-C5348E009F58}.Release|x64.ActiveCfg = Release|x64
		{CDE2C33C-54D7-30B4-8259-C5348E009F58}.Release|x64.Build.0 = Release|x64
		{CDE2C33C-54D7-30B4-8259-C5348E009F58}.MinSizeRel|x64.ActiveCfg = MinSizeRel|x64
		{CDE2C33C-54D7-30B4-8259-C5348E009F58}.MinSizeRel|x64.Build.0 = MinSizeRel|x64
		{CDE2C33C-54D7-30B4-8259-C5348E009F58}.RelWithDebInfo|x64.ActiveCfg = RelWithDebInfo|x64
		{CDE2C33C-54D7-30B4-8259-C5348E009F58}.RelWithDebInfo|x64.Build.0 = RelWithDebInfo|x64
		{4C2FC6E6-EEFB-3896-996C-DABF483034F2}.Debug|x64.ActiveCfg = Debug|x64
		{4C2FC6E6-EEFB-3896-996C-DABF483034F2}.Debug|x64.Build.0 = Debug|x64
		{4C2FC6E6-EEFB-3896-996C-DABF483034F2}.Release|x64.ActiveCfg = Release|x64
		{4C2FC6E6-EEFB-3896-996C-DABF483034F2}.Release|x64.Build.0 = Release|x64
		{4C2FC6E6-EEFB-3896-996C-DABF483034F2}.MinSizeRel|x64.ActiveCfg = MinSizeRel|x64
		{4C2FC6E6-EEFB-3896-996C-DABF483034F2}.MinSizeRel|x64.Build.0 = MinSizeRel|x64
		{4C2FC6E6-EEFB-3896-996C-DABF483034F2}.RelWithDebInfo|x64.ActiveCfg = RelWithDebInfo|x64
		{4C2FC6E6-EEFB-3896-996C-DABF483034F2}.RelWithDebInfo|x64.Build.0 = RelWithDebInfo|x64
		{043F736C-0161-3AD0-9B20-1F785F7878BA}.Debug|x64.ActiveCfg = Debug|x64
		{043F736C-0161-3AD0-9B20-1F785F7878BA}.Debug|x64.Build.0 = Debug|x64
		{043F736C-0161-3AD0-9B20-1F785F7878BA}.Release|x64.ActiveCfg = Release|x64
		{043F736C-0161-3AD0-9B20-1F785F7878BA}.Release|x64.Build.0 = Release|x64
		{043F736C-0161-3AD0-9B20-1F785F7878BA}.MinSizeRel|x64.ActiveCfg = MinSizeRel|x64
		{043F736C-0161-3AD0-9B20-1F785F7878BA}.MinSizeRel|x64.Build.0 = MinSizeRel|x64
		{043F736C-0161-3AD0-9B20-1F785F7878BA}.RelWithDebInfo|x64.ActiveCfg = RelWithDebInfo|x64
		{043F736C-0161-3AD0-9B20-1F785F7878BA}.RelWithDebInfo|x64.Build.0 = RelWithDebInfo|x64
		{EC14D9EB-7453-3AE6-818C-F1E17129D4A6}.Debug|x64.ActiveCfg = Debug|x64
		{EC14D9EB-7453-3AE6-818C-F1E17129D4A6}.Debug|x64.Build.0 = Debug|x64
		{EC14D9EB-7453-3AE6-818C-F1E17129D4A6}.Release|x64.ActiveCfg = Release|x64
		{EC14D9EB-7453-3AE6-818C-F1E17129D4A6}.Release|x64.Build.0 = Release|x64
		{EC14D9EB-7453-3AE6-818C-F1E17129D4A6}.MinSizeRel|x64.ActiveCfg = MinSizeRel|x64
		{EC14D9EB-7453-3AE6-818C-F1E17129D4A6}.MinSizeRel|x64.Build.0 = MinSizeRel|x64
		{EC14D9EB-7453-3AE6-818C-F1E17129D4A6}.RelWithDebInfo|x64.ActiveCfg = RelWithDebInfo|x64
		{EC14D9EB-7453-3AE6-818C-F1E17129D4A6}.RelWithDebInfo|x64.Build.0 = RelWithDebInfo|x64
		{9C2120A8-57D1-3AA5-B3D4-50A813A045BC}.Debug|x64.ActiveCfg = Debug|x64
		{9C2120A8-57D1-3AA5-B3D4-50A813A045BC}.Debug|x64.Build.0 = Debug|x64
		{9C2120A8-57D1-3AA5-B3D4-50A813A045BC}.Release|x64.ActiveCfg = Release|x64
		{9C2120A8-57D1-3AA5-B3D4-50A813A045BC}.Release|x64.Build.0 = Release|x64
		{9C2120A8-57D1-3AA5-B3D4-50A813A045BC}.MinSizeRel|x64.ActiveCfg = MinSizeRel|x64
		{9C2120A8-57D1-3AA5-B3D4-50A813A045BC}.MinSizeRel|x64.Build.0 = MinSizeRel|x64
		{9C2120A8-57D1-3AA5-B3D4-50A813A045BC}.RelWithDebInfo|x64.ActiveCfg = RelWithDebInfo|x64
		{9C2120A8-57D1-3AA5-B3D4-50A813A045BC}.RelWithDebInfo|x64.Build.0 = RelWithDebInfo|x64
		{6E9FA3C7-4DEA-313A-9B24-712B8881A22F}.Debug|x64.ActiveCfg = Debug|x64
		{6E9FA3C7-4DEA-313A-9B24-712B8881A22F}.Debug|x64.Build.0 = Debug|x64
		{6E9FA3C7-4DEA-313A-9B24-712B8881A22F}.Release|x64.ActiveCfg = Release|x64
		{6E9FA3C7-4DEA-313A-9B24-712B8881A22F}.Release|x64.Build.0 = Release|x64
		{6E9FA3C7-4DEA-313A-9B24-712B8881A22F}.MinSizeRel|x64.ActiveCfg = MinSizeRel|x64
		{6E9FA3C7-4DEA-313A-9B24-712B8881A22F}.MinSizeRel|x64.Build.0 = MinSizeRel|x64
		{6E9FA3C7-4DEA-313A-9B24-712B8881A22F}.RelWithDebInfo|x64.ActiveCfg = RelWithDebInfo|x64
		{6E9FA3C7-4DEA-313A-9B24-712B8881A22F}.RelWithDebInfo|x64.Build.0 = RelWithDebInfo|x64
		{A0366D5A-B36E-382D-A98F-411256629CF7}.Debug|x64.ActiveCfg = Debug|x64
		{A0366D5A-B36E-382D-A98F-411256629CF7}.Debug|x64.Build.0 = Debug|x64
		{A0366D5A-B36E-382D-A98F-411256629CF7}.Release|x64.ActiveCfg = Release|x64
		{A0366D5A-B36E-382D-A98F-411256629CF7}.Release|x64.Build.0 = Release|x64
		{A0366D5A-B36E-382D-A98F-411256629CF7}.MinSizeRel|x64.ActiveCfg = MinSizeRel|x64
		{A0366D5A-B36E-382D-A98F-411256629CF7}.MinSizeRel|x64.Build.0 = MinSizeRel|x64
		{A0366D5A-B36E-382D-A98F-411256629CF7}.RelWithDebInfo|x64.ActiveCfg = RelWithDebInfo|x64
		{A0366D5A-B36E-382D-A98F-411256629CF7}.RelWithDebInfo|x64.Build.0 = RelWithDebInfo|x64
		{9710E7B4-811D-3B25-BEC1-873040CCE002}.Debug|x64.ActiveCfg = Debug|x64
		{9710E7B4-811D-3B25-BEC1-873040CCE002}.Debug|x64.Build.0 = Debug|x64
		{9710E7B4-811D-3B25-BEC1-873040CCE002}.Release|x64.ActiveCfg = Release|x64
		{9710E7B4-811D-3B25-BEC1-873040CCE002}.Release|x64.Build.0 = Release|x64
		{9710E7B4-811D-3B25-BEC1-873040CCE002}.MinSizeRel|x64.ActiveCfg = MinSizeRel|x64
		{9710E7B4-811D-3B25-BEC1-873040CCE002}.MinSizeRel|x64.Build.0 = MinSizeRel|x64
		{9710E7B4-811D-3B25-BEC1-873040CCE002}.RelWithDebInfo|x64.ActiveCfg = RelWithDebInfo|x64
		{9710E7B4-811D-3B25-BEC1-873040CCE002}.RelWithDebInfo|x64.Build.0 = RelWithDebInfo|x64
		{D73C37EC-CD6F-3314-B5C0-6611FE47401D}.Debug|x64.ActiveCfg = Debug|x64
		{D73C37EC-CD6F-3314-B5C0-6611FE47401D}.Debug|x64.Build.0 = Debug|x64
		{D73C37EC-CD6F-3314-B5C0-6611FE47401D}.Release|x64.ActiveCfg = Release|x64
		{D73C37EC-CD6F-3314-B5C0-6611FE47401D}.Release|x64.Build.0 = Release|x64
		{D73C37EC-CD6F-3314-B5C0-6611FE47401D}.MinSizeRel|x64.ActiveCfg = MinSizeRel|x64
		{D73C37EC-CD6F-3314-B5C0-6611FE47401D}.MinSizeRel|x64.Build.0 = MinSizeRel|x64
		{D73C37EC-CD6F-3314-B5C0-6611FE47401D}.RelWithDebInfo|x64.ActiveCfg = RelWithDebInfo|x64
		{D73C37EC-CD6F-3314-B5C0-6611FE47401D}.RelWithDebInfo|x64.Build.0 = RelWithDebInfo|x64
		{FEC64DA7-2F0B-3763-B55D-4D59B6874E45}.Debug|x64.ActiveCfg = Debug|x64
		{FEC64DA7-2F0B-3763-B55D-4D59B6874E45}.Debug|x64.Build.0 = Debug|x64
		{FEC64DA7-2F0B-3763-B55D-4D59B6874E45}.Release|x64.ActiveCfg = Release|x64
		{FEC64DA7-2F0B-3763-B55D-4D59B6874E45}.Release|x64.Build.0 = Release|x64
		{FEC64DA7-2F0B-3763-B55D-4D59B6874E45}.MinSizeRel|x64.ActiveCfg = MinSizeRel|x64
		{FEC64DA7-2F0B-3763-B55D-4D59B6874E45}.MinSizeRel|x64.Build.0 = MinSizeRel|x64
		{FEC64DA7-2F0B-3763-B55D-4D59B6874E45}.RelWithDebInfo|x64.ActiveCfg = RelWithDebInfo|x64
		{FEC64DA7-2F0B-3763-B55D-4D59B6874E45}.RelWithDebInfo|x64.Build.0 = RelWithDebInfo|x64
		{C0520F86-E2F7-3E77-B1DD-B6B564C8A5E7}.Debug|x64.ActiveCfg = Debug|x64
		{C0520F86-E2F7-3E77-B1DD-B6B564C8A5E7}.Debug|x64.Build.0 = Debug|x64
		{C0520F86-E2F7-3E77-B1DD-B6B564C8A5E7}.Release|x64.ActiveCfg = Release|x64
		{C0520F86-E2F7-3E77-B1DD-B6B564C8A5E7}.Release|x64.Build.0 = Release|x64
		{C0520F86-E2F7-3E77-B1DD-B6B564C8A5E7}.MinSizeRel|x64.ActiveCfg = MinSizeRel|x64
		{C0520F86-E2F7-3E77-B1DD-B6B564C8A5E7}.MinSizeRel|x64.Build.0 = MinSizeRel|x64
		{C0520F86-E2F7-3E77-B1DD-B6B564C8A5E7}.RelWithDebInfo|x64.ActiveCfg = RelWithDebInfo|x64
		{C0520F86-E2F7-3E77-B1DD-B6B564C8A5E7}.RelWithDebInfo|x64.Build.0 = RelWithDebInfo|x64
		{7C8AB643-3EE3-3D10-ADC9-F0823FDB8F61}.Debug|x64.ActiveCfg = Debug|x64
		{7C8AB643-3EE3-3D10-ADC9-F0823FDB8F61}.Debug|x64.Build.0 = Debug|x64
		{7C8AB643-3EE3-3D10-ADC9-F0823FDB8F61}.Release|x64.ActiveCfg = Release|x64
		{7C8AB643-3EE3-3D10-ADC9-F0823FDB8F61}.Release|x64.Build.0 = Release|x64
		{7C8AB643-3EE3-3D10-ADC9-F0823FDB8F61}.MinSizeRel|x64.ActiveCfg = MinSizeRel|x64
		{7C8AB643-3EE3-3D10-ADC9-F0823FDB8F61}.MinSizeRel|x64.Build.0 = MinSizeRel|x64
		{7C8AB643-3EE3-3D10-ADC9-F0823FDB8F61}.RelWithDebInfo|x64.ActiveCfg = RelWithDebInfo|x64
		{7C8AB643-3EE3-3D10-ADC9-F0823FDB8F61}.RelWithDebInfo|x64.Build.0 = RelWithDebInfo|x64
		{EB1ECC45-4B2B-33B7-A691-1C7A4CEFA49D}.Debug|x64.ActiveCfg = Debug|x64
		{EB1ECC45-4B2B-33B7-A691-1C7A4CEFA49D}.Debug|x64.Build.0 = Debug|x64
		{EB1ECC45-4B2B-33B7-A691-1C7A4CEFA49D}.Release|x64.ActiveCfg = Release|x64
		{EB1ECC45-4B2B-33B7-A691-1C7A4CEFA49D}.Release|x64.Build.0 = Release|x64
		{EB1ECC45-4B2B-33B7-A691-1C7A4CEFA49D}.MinSizeRel|x64.ActiveCfg = MinSizeRel|x64
		{EB1ECC45-4B2B-33B7-A691-1C7A4CEFA49D}.MinSizeRel|x64.Build.0 = MinSizeRel|x64
		{EB1ECC45-4B2B-33B7-A691-1C7A4CEFA49D}.RelWithDebInfo|x64.ActiveCfg = RelWithDebInfo|x64
		{EB1ECC45-4B2B-33B7-A691-1C7A4CEFA49D}.RelWithDebInfo|x64.Build.0 = RelWithDebInfo|x64
		{97BBD804-3A0E-3A82-A9BE-C8CCE4E10D61}.Debug|x64.ActiveCfg = Debug|x64
		{97BBD804-3A0E-3A82-A9BE-C8CCE4E10D61}.Debug|x64.Build.0 = Debug|x64
		{97BBD804-3A0E-3A82-A9BE-C8CCE4E10D61}.Release|x64.ActiveCfg = Release|x64
		{97BBD804-3A0E-3A82-A9BE-C8CCE4E10D61}.Release|x64.Build.0 = Release|x64
		{97BBD804-3A0E-3A82-A9BE-C8CCE4E10D61}.MinSizeRel|x64.ActiveCfg = MinSizeRel|x64
		{97BBD804-3A0E-3A82-A9BE-C8CCE4E10D61}.MinSizeRel|x64.Build.0 = MinSizeRel|x64
		{97BBD804-3A0E-3A82-A9BE-C8CCE4E10D61}.RelWithDebInfo|x64.ActiveCfg = RelWithDebInfo|x64
		{97BBD804-3A0E-3A82-A9BE-C8CCE4E10D61}.RelWithDebInfo|x64.Build.0 = RelWithDebInfo|x64
		{7DB232ED-F603-3EFA-9DD6-9C3D26EC89C3}.Debug|x64.ActiveCfg = Debug|x64
		{7DB232ED-F603-3EFA-9DD6-9C3D26EC89C3}.Debug|x64.Build.0 = Debug|x64
		{7DB232ED-F603-3EFA-9DD6-9C3D26EC89C3}.Release|x64.ActiveCfg = Release|x64
		{7DB232ED-F603-3EFA-9DD6-9C3D26EC89C3}.Release|x64.Build.0 = Release|x64
		{7DB232ED-F603-3EFA-9DD6-9C3D26EC89C3}.MinSizeRel|x64.ActiveCfg = MinSizeRel|x64
		{7DB232ED-F603-3EFA-9DD6-9C3D26EC89C3}.MinSizeRel|x64.Build.0 = MinSizeRel|x64
		{7DB232ED-F603-3EFA-9DD6-9C3D26EC89C3}.RelWithDebInfo|x64.ActiveCfg = RelWithDebInfo|x64
		{7DB232ED-F603-3EFA-9DD6-9C3D26EC89C3}.RelWithDebInfo|x64.Build.0 = RelWithDebInfo|x64
		{F0643B28-2436-3AC2-89A6-9B874A85744D}.Debug|x64.ActiveCfg = Debug|x64
		{F0643B28-2436-3AC2-89A6-9B874A85744D}.Debug|x64.Build.0 = Debug|x64
		{F0643B28-2436-3AC2-89A6-9B874A85744D}.Release|x64.ActiveCfg = Release|x64
		{F0643B28-2436-3AC2-89A6-9B874A85744D}.Release|x64.Build.0 = Release|x64
		{F0643B28-2436-3AC2-89A6-9B874A85744D}.MinSizeRel|x64.ActiveCfg = MinSizeRel|x64
		{F0643B28-2436-3AC2-89A6-9B874A85744D}.MinSizeRel|x64.Build.0 = MinSizeRel|x64
		{F0643B28-2436-3AC2-89A6-9B874A85744D}.RelWithDebInfo|x64.ActiveCfg = RelWithDebInfo|x64
		{F0643B28-2436-3AC2-89A6-9B874A85744D}.RelWithDebInfo|x64.Build.0 = RelWithDebInfo|x64
		{53525567-911C-3CBD-965D-D4850E2F147F}.Debug|x64.ActiveCfg = Debug|x64
		{53525567-911C-3CBD-965D-D4850E2F147F}.Debug|x64.Build.0 = Debug|x64
		{53525567-911C-3CBD-965D-D4850E2F147F}.Release|x64.ActiveCfg = Release|x64
		{53525567-911C-3CBD-965D-D4850E2F147F}.Release|x64.Build.0 = Release|x64
		{53525567-911C-3CBD-965D-D4850E2F147F}.MinSizeRel|x64.ActiveCfg = MinSizeRel|x64
		{53525567-911C-3CBD-965D-D4850E2F147F}.MinSizeRel|x64.Build.0 = MinSizeRel|x64
		{53525567-911C-3CBD-965D-D4850E2F147F}.RelWithDebInfo|x64.ActiveCfg = RelWithDebInfo|x64
		{53525567-911C-3CBD-965D-D4850E2F147F}.RelWithDebInfo|x64.Build.0 = RelWithDebInfo|x64
		{A4D75FB0-68CC-3C0A-983F-6DA689D6E3C4}.Debug|x64.ActiveCfg = Debug|x64
		{A4D75FB0-68CC-3C0A-983F-6DA689D6E3C4}.Debug|x64.Build.0 = Debug|x64
		{A4D75FB0-68CC-3C0A-983F-6DA689D6E3C4}.Release|x64.ActiveCfg = Release|x64
		{A4D75FB0-68CC-3C0A-983F-6DA689D6E3C4}.Release|x64.Build.0 = Release|x64
		{A4D75FB0-68CC-3C0A-983F-6DA689D6E3C4}.MinSizeRel|x64.ActiveCfg = MinSizeRel|x64
		{A4D75FB0-68CC-3C0A-983F-6DA689D6E3C4}.MinSizeRel|x64.Build.0 = MinSizeRel|x64
		{A4D75FB0-68CC-3C0A-983F-6DA689D6E3C4}.RelWithDebInfo|x64.ActiveCfg = RelWithDebInfo|x64
		{A4D75FB0-68CC-3C0A-983F-6DA689D6E3C4}.RelWithDebInfo|x64.Build.0 = RelWithDebInfo|x64
		{7A99C050-8441-3DC7-BD45-427E759EA96E}.Debug|x64.ActiveCfg = Debug|x64
		{7A99C050-8441-3DC7-BD45-427E759EA96E}.Debug|x64.Build.0 = Debug|x64
		{7A99C050-8441-3DC7-BD45-427E759EA96E}.Release|x64.ActiveCfg = Release|x64
		{7A99C050-8441-3DC7-BD45-427E759EA96E}.Release|x64.Build.0 = Release|x64
		{7A99C050-8441-3DC7-BD45-427E759EA96E}.MinSizeRel|x64.ActiveCfg = MinSizeRel|x64
		{7A99C050-8441-3DC7-BD45-427E759EA96E}.MinSizeRel|x64.Build.0 = MinSizeRel|x64
		{7A99C050-8441-3DC7-BD45-427E759EA96E}.RelWithDebInfo|x64.ActiveCfg = RelWithDebInfo|x64
		{7A99C050-8441-3DC7-BD45-427E759EA96E}.RelWithDebInfo|x64.Build.0 = RelWithDebInfo|x64
		{DB6B9BE0-E57A-3039-A028-0D614F1B2D30}.Debug|x64.ActiveCfg = Debug|x64
		{DB6B9BE0-E57A-3039-A028-0D614F1B2D30}.Debug|x64.Build.0 = Debug|x64
		{DB6B9BE0-E57A-3039-A028-0D614F1B2D30}.Release|x64.ActiveCfg = Release|x64
		{DB6B9BE0-E57A-3039-A028-0D614F1B2D30}.Release|x64.Build.0 = Release|x64
		{DB6B9BE0-E57A-3039-A028-0D614F1B2D30}.MinSizeRel|x64.ActiveCfg = MinSizeRel|x64
		{DB6B9BE0-E57A-3039-A028-0D614F1B2D30}.MinSizeRel|x64.Build.0 = MinSizeRel|x64
		{DB6B9BE0-E57A-3039-A028-0D614F1B2D30}.RelWithDebInfo|x64.ActiveCfg = RelWithDebInfo|x64
		{DB6B9BE0-E57A-3039-A028-0D614F1B2D30}.RelWithDebInfo|x64.Build.0 = RelWithDebInfo|x64
		{27646373-5460-3B2D-980C-F951E6C89B5C}.Debug|x64.ActiveCfg = Debug|x64
		{27646373-5460-3B2D-980C-F951E6C89B5C}.Debug|x64.Build.0 = Debug|x64
		{27646373-5460-3B2D-980C-F951E6C89B5C}.Release|x64.ActiveCfg = Release|x64
		{27646373-5460-3B2D-980C-F951E6C89B5C}.Release|x64.Build.0 = Release|x64
		{27646373-5460-3B2D-980C-F951E6C89B5C}.MinSizeRel|x64.ActiveCfg = MinSizeRel|x64
		{27646373-5460-3B2D-980C-F951E6C89B5C}.MinSizeRel|x64.Build.0 = MinSizeRel|x64
		{27646373-5460-3B2D-980C-F951E6C89B5C}.RelWithDebInfo|x64.ActiveCfg = RelWithDebInfo|x64
		{27646373-5460-3B2D-980C-F951E6C89B5C}.RelWithDebInfo|x64.Build.0 = RelWithDebInfo|x64
		{41BC7F31-8EEF-3166-99C3-F5F711495CA4}.Debug|x64.ActiveCfg = Debug|x64
		{41BC7F31-8EEF-3166-99C3-F5F711495CA4}.Debug|x64.Build.0 = Debug|x64
		{41BC7F31-8EEF-3166-99C3-F5F711495CA4}.Release|x64.ActiveCfg = Release|x64
		{41BC7F31-8EEF-3166-99C3-F5F711495CA4}.Release|x64.Build.0 = Release|x64
		{41BC7F31-8EEF-3166-99C3-F5F711495CA4}.MinSizeRel|x64.ActiveCfg = MinSizeRel|x64
		{41BC7F31-8EEF-3166-99C3-F5F711495CA4}.MinSizeRel|x64.Build.0 = MinSizeRel|x64
		{41BC7F31-8EEF-3166-99C3-F5F711495CA4}.RelWithDebInfo|x64.ActiveCfg = RelWithDebInfo|x64
		{41BC7F31-8EEF-3166-99C3-F5F711495CA4}.RelWithDebInfo|x64.Build.0 = RelWithDebInfo|x64
		{B407DBDF-F5B4-32F3-8F1D-F8F637C3DB3C}.Debug|x64.ActiveCfg = Debug|x64
		{B407DBDF-F5B4-32F3-8F1D-F8F637C3DB3C}.Debug|x64.Build.0 = Debug|x64
		{B407DBDF-F5B4-32F3-8F1D-F8F637C3DB3C}.Release|x64.ActiveCfg = Release|x64
		{B407DBDF-F5B4-32F3-8F1D-F8F637C3DB3C}.Release|x64.Build.0 = Release|x64
		{B407DBDF-F5B4-32F3-8F1D-F8F637C3DB3C}.MinSizeRel|x64.ActiveCfg = MinSizeRel|x64
		{B407DBDF-F5B4-32F3-8F1D-F8F637C3DB3C}.MinSizeRel|x64.Build.0 = MinSizeRel|x64
		{B407DBDF-F5B4-32F3-8F1D-F8F637C3DB3C}.RelWithDebInfo|x64.ActiveCfg = RelWithDebInfo|x64
		{B407DBDF-F5B4-32F3-8F1D-F8F637C3DB3C}.RelWithDebInfo|x64.Build.0 = RelWithDebInfo|x64
	EndGlobalSection
	GlobalSection(ExtensibilityGlobals) = postSolution
		SolutionGuid = {DB4DB606-9347-36AF-86DC-8F02074F0C87}
	EndGlobalSection
	GlobalSection(ExtensibilityAddIns) = postSolution
	EndGlobalSection
EndGlobal
