<?xml version="1.0" encoding="utf-8"?>
<Project ToolsVersion="17.0" xmlns="http://schemas.microsoft.com/developer/msbuild/2003">
  <ItemGroup>
    <ClCompile Include="D:\Laba_ppc\ppc-2024-autumn\tasks\mpi\Sdobnov_V_sum_of_vector_elements\perf_tests\main.cpp">
      <Filter>Source Files</Filter>
    </ClCompile>
    <ClCompile Include="D:\Laba_ppc\ppc-2024-autumn\tasks\mpi\Shurygin_S_max_po_stolbam_matrix\perf_tests\main.cpp">
      <Filter>Source Files</Filter>
    </ClCompile>
    <ClCompile Include="D:\Laba_ppc\ppc-2024-autumn\tasks\mpi\alputov_i_most_different_neighbor_elements\perf_tests\main.cpp">
      <Filter>Source Files</Filter>
    </ClCompile>
    <ClCompile Include="D:\Laba_ppc\ppc-2024-autumn\tasks\mpi\anufriev_d_max_of_vector_elements\perf_tests\main_anufriev.cpp">
      <Filter>Source Files</Filter>
    </ClCompile>
    <ClCompile Include="D:\Laba_ppc\ppc-2024-autumn\tasks\mpi\baranov_a_num_of_orderly_violations\perf_tests\main.cpp">
      <Filter>Source Files</Filter>
    </ClCompile>
    <ClCompile Include="D:\Laba_ppc\ppc-2024-autumn\tasks\mpi\belov_a_max_value_of_matrix_elements\perf_tests\main.cpp">
      <Filter>Source Files</Filter>
    </ClCompile>
    <ClCompile Include="D:\Laba_ppc\ppc-2024-autumn\tasks\mpi\beresnev_a_min_values_by_matrix_columns\perf_tests\main.cpp">
      <Filter>Source Files</Filter>
    </ClCompile>
    <ClCompile Include="D:\Laba_ppc\ppc-2024-autumn\tasks\mpi\beskhmelnova_k_most_different_neighbor_elements\perf_tests\main.cpp">
      <Filter>Source Files</Filter>
    </ClCompile>
    <ClCompile Include="D:\Laba_ppc\ppc-2024-autumn\tasks\mpi\borisov_s_sum_of_rows\perf_tests\main.cpp">
      <Filter>Source Files</Filter>
    </ClCompile>
    <ClCompile Include="D:\Laba_ppc\ppc-2024-autumn\tasks\mpi\budazhapova_e_count_freq_character\perf_tests\count_freq_character_pref_test_mpi.cpp">
      <Filter>Source Files</Filter>
    </ClCompile>
    <ClCompile Include="D:\Laba_ppc\ppc-2024-autumn\tasks\mpi\burykin_m_word_count\perf_tests\main.cpp">
      <Filter>Source Files</Filter>
    </ClCompile>
    <ClCompile Include="D:\Laba_ppc\ppc-2024-autumn\tasks\mpi\chastov_v_count_words_in_line\perf_tests\main.cpp">
      <Filter>Source Files</Filter>
    </ClCompile>
    <ClCompile Include="D:\Laba_ppc\ppc-2024-autumn\tasks\mpi\chernykh_a_num_of_alternations_signs\perf_tests\main.cpp">
      <Filter>Source Files</Filter>
    </ClCompile>
    <ClCompile Include="D:\Laba_ppc\ppc-2024-autumn\tasks\mpi\chistov_a_sum_of_matrix_elements\perf_tests\main.cpp">
      <Filter>Source Files</Filter>
    </ClCompile>
    <ClCompile Include="D:\Laba_ppc\ppc-2024-autumn\tasks\mpi\drozhdinov_d_sum_cols_matrix\perf_tests\main.cpp">
      <Filter>Source Files</Filter>
    </ClCompile>
    <ClCompile Include="D:\Laba_ppc\ppc-2024-autumn\tasks\mpi\ermolaev_v_min_matrix\perf_tests\main.cpp">
      <Filter>Source Files</Filter>
    </ClCompile>
    <ClCompile Include="D:\Laba_ppc\ppc-2024-autumn\tasks\mpi\example\perf_tests\main.cpp">
      <Filter>Source Files</Filter>
    </ClCompile>
    <ClCompile Include="D:\Laba_ppc\ppc-2024-autumn\tasks\mpi\filatev_v_sum_of_matrix_elements\perf_tests\main.cpp">
      <Filter>Source Files</Filter>
    </ClCompile>
    <ClCompile Include="D:\Laba_ppc\ppc-2024-autumn\tasks\mpi\filateva_e_number_sentences_line\perf_tests\main.cpp">
      <Filter>Source Files</Filter>
    </ClCompile>
    <ClCompile Include="D:\Laba_ppc\ppc-2024-autumn\tasks\mpi\frolova_e_num_of_letters\perf_tests\main.cpp">
      <Filter>Source Files</Filter>
    </ClCompile>
    <ClCompile Include="D:\Laba_ppc\ppc-2024-autumn\tasks\mpi\gnitienko_k_sum_values_by_rows_matrix\perf_tests\main.cpp">
      <Filter>Source Files</Filter>
    </ClCompile>
    <ClCompile Include="D:\Laba_ppc\ppc-2024-autumn\tasks\mpi\grudzin_k_nearest_neighbor_elements\perf_tests\main.cpp">
      <Filter>Source Files</Filter>
    </ClCompile>
    <ClCompile Include="D:\Laba_ppc\ppc-2024-autumn\tasks\mpi\gusev_n_trapezoidal_rule\perf_tests\main.cpp">
      <Filter>Source Files</Filter>
    </ClCompile>
    <ClCompile Include="D:\Laba_ppc\ppc-2024-autumn\tasks\mpi\guseynov_e_check_lex_order_of_two_string\perf_tests\main.cpp">
      <Filter>Source Files</Filter>
    </ClCompile>
    <ClCompile Include="D:\Laba_ppc\ppc-2024-autumn\tasks\mpi\ivanov_m_integration_trapezoid\perf_tests\main.cpp">
      <Filter>Source Files</Filter>
    </ClCompile>
    <ClCompile Include="D:\Laba_ppc\ppc-2024-autumn\tasks\mpi\kabalova_v_count_symbols\perf_tests\main.cpp">
      <Filter>Source Files</Filter>
    </ClCompile>
    <ClCompile Include="D:\Laba_ppc\ppc-2024-autumn\tasks\mpi\kalyakina_a_average_value\perf_tests\main.cpp">
      <Filter>Source Files</Filter>
    </ClCompile>
    <ClCompile Include="D:\Laba_ppc\ppc-2024-autumn\tasks\mpi\kazunin_n_count_freq_a_char_in_string\perf_tests\main.cpp">
      <Filter>Source Files</Filter>
    </ClCompile>
    <ClCompile Include="D:\Laba_ppc\ppc-2024-autumn\tasks\mpi\kharin_m_number_of_sentences_mpi\perf_tests\main.cpp">
      <Filter>Source Files</Filter>
    </ClCompile>
    <ClCompile Include="D:\Laba_ppc\ppc-2024-autumn\tasks\mpi\khasanyanov_k_average_vector\perf_tests\main.cpp">
      <Filter>Source Files</Filter>
    </ClCompile>
    <ClCompile Include="D:\Laba_ppc\ppc-2024-autumn\tasks\mpi\kholin_k_vector_neighbor_diff_elems\perf_tests\main.cpp">
      <Filter>Source Files</Filter>
    </ClCompile>
    <ClCompile Include="D:\Laba_ppc\ppc-2024-autumn\tasks\mpi\khovansky_d_max_of_vector_elements\perf_tests\main.cpp">
      <Filter>Source Files</Filter>
    </ClCompile>
    <ClCompile Include="D:\Laba_ppc\ppc-2024-autumn\tasks\mpi\kolokolova_d_max_of_row_matrix\perf_tests\main.cpp">
      <Filter>Source Files</Filter>
    </ClCompile>
    <ClCompile Include="D:\Laba_ppc\ppc-2024-autumn\tasks\mpi\konkov_i_count_words\perf_tests\main.cpp">
      <Filter>Source Files</Filter>
    </ClCompile>
    <ClCompile Include="D:\Laba_ppc\ppc-2024-autumn\tasks\mpi\korablev_v_rect_int_mpi\perf_tests\main.cpp">
      <Filter>Source Files</Filter>
    </ClCompile>
    <ClCompile Include="D:\Laba_ppc\ppc-2024-autumn\tasks\mpi\korneeva_e_num_of_orderly_violations\perf_tests\main.cpp">
      <Filter>Source Files</Filter>
    </ClCompile>
    <ClCompile Include="D:\Laba_ppc\ppc-2024-autumn\tasks\mpi\korobeinikov_a_max_elements_in_rows_of_matrix\perf_tests\main_korobeinikov.cpp">
      <Filter>Source Files</Filter>
    </ClCompile>
    <ClCompile Include="D:\Laba_ppc\ppc-2024-autumn\tasks\mpi\korotin_e_min_val_matrix\perf_tests\main.cpp">
      <Filter>Source Files</Filter>
    </ClCompile>
    <ClCompile Include="D:\Laba_ppc\ppc-2024-autumn\tasks\mpi\koshkin_m_scalar_product_of_vectors\perf_tests\main.cpp">
      <Filter>Source Files</Filter>
    </ClCompile>
    <ClCompile Include="D:\Laba_ppc\ppc-2024-autumn\tasks\mpi\koshkin_n_sum_values_by_columns_matrix\perf_tests\main.cpp">
      <Filter>Source Files</Filter>
    </ClCompile>
    <ClCompile Include="D:\Laba_ppc\ppc-2024-autumn\tasks\mpi\kovalchuk_a_max_of_vector_elements\perf_tests\main.cpp">
      <Filter>Source Files</Filter>
    </ClCompile>
    <ClCompile Include="D:\Laba_ppc\ppc-2024-autumn\tasks\mpi\kovalev_k_num_of_orderly_violations\perf_tests\main.cpp">
      <Filter>Source Files</Filter>
    </ClCompile>
    <ClCompile Include="D:\Laba_ppc\ppc-2024-autumn\tasks\mpi\kozlova_e_lexic_order\perf_tests\main.cpp">
      <Filter>Source Files</Filter>
    </ClCompile>
    <ClCompile Include="D:\Laba_ppc\ppc-2024-autumn\tasks\mpi\krylov_m_num_of_alternations_signs\perf_tests\main.cpp">
      <Filter>Source Files</Filter>
    </ClCompile>
    <ClCompile Include="D:\Laba_ppc\ppc-2024-autumn\tasks\mpi\kudryashova_i_vector_dot_product\perf_tests\vectorDotProductMPIPerfTests.cpp">
      <Filter>Source Files</Filter>
    </ClCompile>
    <ClCompile Include="D:\Laba_ppc\ppc-2024-autumn\tasks\mpi\lopatin_i_count_words\perf_tests\countWordsPerfTests.cpp">
      <Filter>Source Files</Filter>
    </ClCompile>
    <ClCompile Include="D:\Laba_ppc\ppc-2024-autumn\tasks\mpi\lysov_i_integration_the_trapezoid_method\perf_tests\main.cpp">
      <Filter>Source Files</Filter>
    </ClCompile>
    <ClCompile Include="D:\Laba_ppc\ppc-2024-autumn\tasks\mpi\matyunina_a_average_of_vector_elements\perf_tests\main.cpp">
      <Filter>Source Files</Filter>
    </ClCompile>
    <ClCompile Include="D:\Laba_ppc\ppc-2024-autumn\tasks\mpi\milovankin_m_sum_of_vector_elements\perf_tests\main.cpp">
      <Filter>Source Files</Filter>
    </ClCompile>
    <ClCompile Include="D:\Laba_ppc\ppc-2024-autumn\tasks\mpi\mironov_a_max_of_vector_elements\perf_tests\main.cpp">
      <Filter>Source Files</Filter>
    </ClCompile>
    <ClCompile Include="D:\Laba_ppc\ppc-2024-autumn\tasks\mpi\moiseev_a_most_different_neighbor_elements\perf_tests\main.cpp">
      <Filter>Source Files</Filter>
    </ClCompile>
    <ClCompile Include="D:\Laba_ppc\ppc-2024-autumn\tasks\mpi\morozov_e_min_val_in_rows_matrix\perf_tests\main.cpp">
      <Filter>Source Files</Filter>
    </ClCompile>
    <ClCompile Include="D:\Laba_ppc\ppc-2024-autumn\tasks\mpi\muhina_m_min_of_vector_elements\perf_tests\main.cpp">
      <Filter>Source Files</Filter>
    </ClCompile>
    <ClCompile Include="D:\Laba_ppc\ppc-2024-autumn\tasks\mpi\muradov_m_count_alpha_chars\perf_tests\main.cpp">
      <Filter>Source Files</Filter>
    </ClCompile>
    <ClCompile Include="D:\Laba_ppc\ppc-2024-autumn\tasks\mpi\nikolaev_r_trapezoidal_integral\perf_tests\main.cpp">
      <Filter>Source Files</Filter>
    </ClCompile>
    <ClCompile Include="D:\Laba_ppc\ppc-2024-autumn\tasks\mpi\oturin_a_max_values_by_rows_matrix\perf_tests\main.cpp">
      <Filter>Source Files</Filter>
    </ClCompile>
    <ClCompile Include="D:\Laba_ppc\ppc-2024-autumn\tasks\mpi\petrov_a_nearest_neighbor_elements\perf_tests\main.cpp">
      <Filter>Source Files</Filter>
    </ClCompile>
    <ClCompile Include="D:\Laba_ppc\ppc-2024-autumn\tasks\mpi\petrov_o_num_of_alternations_signs\perf_tests\main.cpp">
      <Filter>Source Files</Filter>
    </ClCompile>
    <ClCompile Include="D:\Laba_ppc\ppc-2024-autumn\tasks\mpi\poroshin_v_find_min_val_row_matrix\perf_tests\main.cpp">
      <Filter>Source Files</Filter>
    </ClCompile>
    <ClCompile Include="D:\Laba_ppc\ppc-2024-autumn\tasks\mpi\rams_s_char_frequency\perf_tests\main.cpp">
      <Filter>Source Files</Filter>
    </ClCompile>
    <ClCompile Include="D:\Laba_ppc\ppc-2024-autumn\tasks\mpi\rezantseva_a_vector_dot_product\perf_tests\main.cpp">
      <Filter>Source Files</Filter>
    </ClCompile>
    <ClCompile Include="D:\Laba_ppc\ppc-2024-autumn\tasks\mpi\sadikov_I_sum_values_by_columns_matrix\perf_tests\main.cpp">
      <Filter>Source Files</Filter>
    </ClCompile>
    <ClCompile Include="D:\Laba_ppc\ppc-2024-autumn\tasks\mpi\savchenko_m_min_matrix\perf_tests\main_savchenko.cpp">
      <Filter>Source Files</Filter>
    </ClCompile>
    <ClCompile Include="D:\Laba_ppc\ppc-2024-autumn\tasks\mpi\sedova_o_max_of_vector_elements\perf_tests\main.cpp">
      <Filter>Source Files</Filter>
    </ClCompile>
    <ClCompile Include="D:\Laba_ppc\ppc-2024-autumn\tasks\mpi\shlyakov_m_min_value_of_row\perf_tests\main.cpp">
      <Filter>Source Files</Filter>
    </ClCompile>
    <ClCompile Include="D:\Laba_ppc\ppc-2024-autumn\tasks\mpi\shvedova_v_char_freq\perf_tests\main.cpp">
      <Filter>Source Files</Filter>
    </ClCompile>
    <ClCompile Include="D:\Laba_ppc\ppc-2024-autumn\tasks\mpi\sidorina_p_check_lexicographic_order\perf_tests\main.cpp">
      <Filter>Source Files</Filter>
    </ClCompile>
    <ClCompile Include="D:\Laba_ppc\ppc-2024-autumn\tasks\mpi\smirnov_i_integration_by_rectangles\perf_tests\main.cpp">
      <Filter>Source Files</Filter>
    </ClCompile>
    <ClCompile Include="D:\Laba_ppc\ppc-2024-autumn\tasks\mpi\solovev_a_word_count\perf_tests\main.cpp">
      <Filter>Source Files</Filter>
    </ClCompile>
    <ClCompile Include="D:\Laba_ppc\ppc-2024-autumn\tasks\mpi\solovyev_d_vector_max\perf_tests\main.cpp">
      <Filter>Source Files</Filter>
    </ClCompile>
    <ClCompile Include="D:\Laba_ppc\ppc-2024-autumn\tasks\mpi\sorokin_a_check_lexicographic_order_of_strings\perf_tests\main.cpp">
      <Filter>Source Files</Filter>
    </ClCompile>
    <ClCompile Include="D:\Laba_ppc\ppc-2024-autumn\tasks\mpi\sotskov_a_sum_element_matrix\perf_tests\main.cpp">
      <Filter>Source Files</Filter>
    </ClCompile>
    <ClCompile Include="D:\Laba_ppc\ppc-2024-autumn\tasks\mpi\stroganov_m_count_symbols_in_string\perf_tests\main.cpp">
      <Filter>Source Files</Filter>
    </ClCompile>
    <ClCompile Include="D:\Laba_ppc\ppc-2024-autumn\tasks\mpi\suvorov_d_sum_of_vector_elements\perf_tests\main.cpp">
      <Filter>Source Files</Filter>
    </ClCompile>
    <ClCompile Include="D:\Laba_ppc\ppc-2024-autumn\tasks\mpi\titov_s_vector_sum\perf_tests\main.cpp">
      <Filter>Source Files</Filter>
    </ClCompile>
    <ClCompile Include="D:\Laba_ppc\ppc-2024-autumn\tasks\mpi\tsatsyn_a_vector_dot_product\perf_tests\main.cpp">
      <Filter>Source Files</Filter>
    </ClCompile>
    <ClCompile Include="D:\Laba_ppc\ppc-2024-autumn\tasks\mpi\tselikova_a_average_of_vector_elements\perf_tests\main.cpp">
      <Filter>Source Files</Filter>
    </ClCompile>
    <ClCompile Include="D:\Laba_ppc\ppc-2024-autumn\tasks\mpi\tyshkevich_a_num_of_orderly_violations\perf_tests\main.cpp">
      <Filter>Source Files</Filter>
    </ClCompile>
    <ClCompile Include="D:\Laba_ppc\ppc-2024-autumn\tasks\mpi\tyurin_m_count_sentences_in_string\perf_tests\main.cpp">
      <Filter>Source Files</Filter>
    </ClCompile>
    <ClCompile Include="D:\Laba_ppc\ppc-2024-autumn\tasks\mpi\vasenkov_a_char_freq\perf_tests\main.cpp">
      <Filter>Source Files</Filter>
    </ClCompile>
    <ClCompile Include="D:\Laba_ppc\ppc-2024-autumn\tasks\mpi\vasilev_s_nearest_neighbor_elements\perf_tests\main.cpp">
      <Filter>Source Files</Filter>
    </ClCompile>
    <ClCompile Include="D:\Laba_ppc\ppc-2024-autumn\tasks\mpi\vavilov_v_min_elements_in_columns_of_matrix\perf_tests\main.cpp">
      <Filter>Source Files</Filter>
    </ClCompile>
    <ClCompile Include="D:\Laba_ppc\ppc-2024-autumn\tasks\mpi\vedernikova_k_word_num_in_str\perf_tests\main.cpp">
      <Filter>Source Files</Filter>
    </ClCompile>
    <ClCompile Include="D:\Laba_ppc\ppc-2024-autumn\tasks\mpi\volochaev_s_count_characters_27\perf_tests\main.cpp">
      <Filter>Source Files</Filter>
    </ClCompile>
    <ClCompile Include="D:\Laba_ppc\ppc-2024-autumn\tasks\mpi\voroshilov_v_num_of_alphabetic_chars\perf_tests\main.cpp">
      <Filter>Source Files</Filter>
    </ClCompile>
    <ClCompile Include="D:\Laba_ppc\ppc-2024-autumn\tasks\mpi\yasakova_t_min_of_vector_elements\perf_tests\main.cpp">
      <Filter>Source Files</Filter>
    </ClCompile>
  </ItemGroup>
  <ItemGroup>
    <CustomBuild Include="D:\Laba_ppc\ppc-2024-autumn\tasks\CMakeLists.txt" />
  </ItemGroup>
  <ItemGroup>
    <Filter Include="Source Files">
      <UniqueIdentifier>{B575F85B-1DE5-31C8-B640-81F232104C8F}</UniqueIdentifier>
    </Filter>
  </ItemGroup>
</Project>
