<?xml version="1.0" encoding="utf-8"?>
<Project ToolsVersion="17.0" xmlns="http://schemas.microsoft.com/developer/msbuild/2003">
  <ItemGroup>
    <ClCompile Include="C:\Users\Elena\Documents\GitHub\ppc-2024-autumn\tasks\seq\Odintsov_M_CountingMismatchedCharactersStr\perf_tests\main.cpp">
      <Filter>Source Files</Filter>
    </ClCompile>
    <ClCompile Include="C:\Users\Elena\Documents\GitHub\ppc-2024-autumn\tasks\seq\Shurygin_S_max_po_stolbam_matrix\perf_tests\main.cpp">
      <Filter>Source Files</Filter>
    </ClCompile>
    <ClCompile Include="C:\Users\Elena\Documents\GitHub\ppc-2024-autumn\tasks\seq\anufriev_d_max_of_vector_elements\perf_tests\main_anufriev.cpp">
      <Filter>Source Files</Filter>
    </ClCompile>
    <ClCompile Include="C:\Users\Elena\Documents\GitHub\ppc-2024-autumn\tasks\seq\baranov_a_num_of_orderly_violations\perf_tests\main.cpp">
      <Filter>Source Files</Filter>
    </ClCompile>
    <ClCompile Include="C:\Users\Elena\Documents\GitHub\ppc-2024-autumn\tasks\seq\beskhmelnova_k_most_different_neighbor_elements\perf_tests\main.cpp">
      <Filter>Source Files</Filter>
    </ClCompile>
    <ClCompile Include="C:\Users\Elena\Documents\GitHub\ppc-2024-autumn\tasks\seq\borisov_s_sum_of_rows\perf_tests\main.cpp">
      <Filter>Source Files</Filter>
    </ClCompile>
    <ClCompile Include="C:\Users\Elena\Documents\GitHub\ppc-2024-autumn\tasks\seq\chernykh_a_num_of_alternations_signs\perf_tests\main.cpp">
      <Filter>Source Files</Filter>
    </ClCompile>
    <ClCompile Include="C:\Users\Elena\Documents\GitHub\ppc-2024-autumn\tasks\seq\chistov_a_sum_of_matrix_elements\perf_tests\main.cpp">
      <Filter>Source Files</Filter>
    </ClCompile>
    <ClCompile Include="C:\Users\Elena\Documents\GitHub\ppc-2024-autumn\tasks\seq\drozhdinov_d_sum_cols_matrix\perf_tests\main.cpp">
      <Filter>Source Files</Filter>
    </ClCompile>
    <ClCompile Include="C:\Users\Elena\Documents\GitHub\ppc-2024-autumn\tasks\seq\ermolaev_v_min_matrix\perf_tests\main.cpp">
      <Filter>Source Files</Filter>
    </ClCompile>
    <ClCompile Include="C:\Users\Elena\Documents\GitHub\ppc-2024-autumn\tasks\seq\example\perf_tests\main.cpp">
      <Filter>Source Files</Filter>
    </ClCompile>
    <ClCompile Include="C:\Users\Elena\Documents\GitHub\ppc-2024-autumn\tasks\seq\filatev_v_sum_of_matrix_elements\perf_tests\main.cpp">
      <Filter>Source Files</Filter>
    </ClCompile>
    <ClCompile Include="C:\Users\Elena\Documents\GitHub\ppc-2024-autumn\tasks\seq\filateva_e_number_sentences_line\perf_tests\main.cpp">
      <Filter>Source Files</Filter>
    </ClCompile>
    <ClCompile Include="C:\Users\Elena\Documents\GitHub\ppc-2024-autumn\tasks\seq\frolova_e_num_of_letters\perf_tests\main.cpp">
      <Filter>Source Files</Filter>
    </ClCompile>
    <ClCompile Include="C:\Users\Elena\Documents\GitHub\ppc-2024-autumn\tasks\seq\gnitienko_k_sum_values_by_rows_matrix\perf_tests\main.cpp">
      <Filter>Source Files</Filter>
    </ClCompile>
    <ClCompile Include="C:\Users\Elena\Documents\GitHub\ppc-2024-autumn\tasks\seq\grudzin_k_nearest_neighbor_elements\perf_tests\main.cpp">
      <Filter>Source Files</Filter>
    </ClCompile>
    <ClCompile Include="C:\Users\Elena\Documents\GitHub\ppc-2024-autumn\tasks\seq\gusev_n_trapezoidal_rule\perf_tests\main.cpp">
      <Filter>Source Files</Filter>
    </ClCompile>
    <ClCompile Include="C:\Users\Elena\Documents\GitHub\ppc-2024-autumn\tasks\seq\guseynov_e_check_lex_order_of_two_string\perf_tests\main.cpp">
      <Filter>Source Files</Filter>
    </ClCompile>
    <ClCompile Include="C:\Users\Elena\Documents\GitHub\ppc-2024-autumn\tasks\seq\kabalova_v_count_symbols\perf_tests\main.cpp">
      <Filter>Source Files</Filter>
    </ClCompile>
    <ClCompile Include="C:\Users\Elena\Documents\GitHub\ppc-2024-autumn\tasks\seq\kalyakina_a_average_value\perf_tests\main.cpp">
      <Filter>Source Files</Filter>
    </ClCompile>
    <ClCompile Include="C:\Users\Elena\Documents\GitHub\ppc-2024-autumn\tasks\seq\kazunin_n_count_freq_a_char_in_string\perf_tests\main.cpp">
      <Filter>Source Files</Filter>
    </ClCompile>
    <ClCompile Include="C:\Users\Elena\Documents\GitHub\ppc-2024-autumn\tasks\seq\kharin_m_number_of_sentences_seq\perf_tests\main.cpp">
      <Filter>Source Files</Filter>
    </ClCompile>
    <ClCompile Include="C:\Users\Elena\Documents\GitHub\ppc-2024-autumn\tasks\seq\khasanyanov_k_average_vector\perf_tests\main.cpp">
      <Filter>Source Files</Filter>
    </ClCompile>
    <ClCompile Include="C:\Users\Elena\Documents\GitHub\ppc-2024-autumn\tasks\seq\kholin_k_vector_neighbor_diff_elems\perf_tests\main.cpp">
      <Filter>Source Files</Filter>
    </ClCompile>
    <ClCompile Include="C:\Users\Elena\Documents\GitHub\ppc-2024-autumn\tasks\seq\khovansky_d_max_of_vector_elements\perf_tests\main.cpp">
      <Filter>Source Files</Filter>
    </ClCompile>
    <ClCompile Include="C:\Users\Elena\Documents\GitHub\ppc-2024-autumn\tasks\seq\kolokolova_d_max_of_row_matrix\perf_tests\main.cpp">
      <Filter>Source Files</Filter>
    </ClCompile>
    <ClCompile Include="C:\Users\Elena\Documents\GitHub\ppc-2024-autumn\tasks\seq\kondratev_ya_max_col_matrix\perf_tests\main.cpp">
      <Filter>Source Files</Filter>
    </ClCompile>
    <ClCompile Include="C:\Users\Elena\Documents\GitHub\ppc-2024-autumn\tasks\seq\korablev_v_rect_int_seq\perf_tests\main.cpp">
      <Filter>Source Files</Filter>
    </ClCompile>
    <ClCompile Include="C:\Users\Elena\Documents\GitHub\ppc-2024-autumn\tasks\seq\korobeinikov_a_max_elements_in_rows_of_matrix\perf_tests\main_korobeinikov.cpp">
      <Filter>Source Files</Filter>
    </ClCompile>
    <ClCompile Include="C:\Users\Elena\Documents\GitHub\ppc-2024-autumn\tasks\seq\korotin_e_min_val_matrix\perf_tests\main.cpp">
      <Filter>Source Files</Filter>
    </ClCompile>
    <ClCompile Include="C:\Users\Elena\Documents\GitHub\ppc-2024-autumn\tasks\seq\kovalev_k_num_of_orderly_violations\perf_tests\main.cpp">
      <Filter>Source Files</Filter>
    </ClCompile>
    <ClCompile Include="C:\Users\Elena\Documents\GitHub\ppc-2024-autumn\tasks\seq\kozlova_e_lexic_order\perf_tests\main.cpp">
      <Filter>Source Files</Filter>
    </ClCompile>
    <ClCompile Include="C:\Users\Elena\Documents\GitHub\ppc-2024-autumn\tasks\seq\krylov_m_num_of_alternations_signs\perf_tests\main.cpp">
      <Filter>Source Files</Filter>
    </ClCompile>
    <ClCompile Include="C:\Users\Elena\Documents\GitHub\ppc-2024-autumn\tasks\seq\kurakin_m_min_values_by_rows_matrix\perf_tests\main.cpp">
      <Filter>Source Files</Filter>
    </ClCompile>
    <ClCompile Include="C:\Users\Elena\Documents\GitHub\ppc-2024-autumn\tasks\seq\laganina_e_sum_values_by_columns_matrix\perf_tests\main.cpp">
      <Filter>Source Files</Filter>
    </ClCompile>
    <ClCompile Include="C:\Users\Elena\Documents\GitHub\ppc-2024-autumn\tasks\seq\lopatin_i_count_words\perf_tests\countWordsPerfTests.cpp">
      <Filter>Source Files</Filter>
    </ClCompile>
    <ClCompile Include="C:\Users\Elena\Documents\GitHub\ppc-2024-autumn\tasks\seq\lysov_i_integration_the_trapezoid_method\perf_tests\main.cpp">
      <Filter>Source Files</Filter>
    </ClCompile>
    <ClCompile Include="C:\Users\Elena\Documents\GitHub\ppc-2024-autumn\tasks\seq\matyunina_a_average_of_vector_elements\perf_tests\main.cpp">
      <Filter>Source Files</Filter>
    </ClCompile>
    <ClCompile Include="C:\Users\Elena\Documents\GitHub\ppc-2024-autumn\tasks\seq\milovankin_m_sum_of_vector_elements\perf_tests\main.cpp">
      <Filter>Source Files</Filter>
    </ClCompile>
    <ClCompile Include="C:\Users\Elena\Documents\GitHub\ppc-2024-autumn\tasks\seq\mironov_a_max_of_vector_elements\perf_tests\main.cpp">
      <Filter>Source Files</Filter>
    </ClCompile>
    <ClCompile Include="C:\Users\Elena\Documents\GitHub\ppc-2024-autumn\tasks\seq\moiseev_a_most_different_neighbor_elements\perf_tests\main.cpp">
      <Filter>Source Files</Filter>
    </ClCompile>
    <ClCompile Include="C:\Users\Elena\Documents\GitHub\ppc-2024-autumn\tasks\seq\morozov_e_min_val_in_rows_matrix\perf_tests\main.cpp">
      <Filter>Source Files</Filter>
    </ClCompile>
    <ClCompile Include="C:\Users\Elena\Documents\GitHub\ppc-2024-autumn\tasks\seq\muhina_m_min_of_vector_elements\perf_tests\main.cpp">
      <Filter>Source Files</Filter>
    </ClCompile>
    <ClCompile Include="C:\Users\Elena\Documents\GitHub\ppc-2024-autumn\tasks\seq\muradov_m_count_alpha_chars\perf_tests\main.cpp">
      <Filter>Source Files</Filter>
    </ClCompile>
    <ClCompile Include="C:\Users\Elena\Documents\GitHub\ppc-2024-autumn\tasks\seq\nikolaev_r_trapezoidal_integral\perf_tests\main.cpp">
      <Filter>Source Files</Filter>
    </ClCompile>
    <ClCompile Include="C:\Users\Elena\Documents\GitHub\ppc-2024-autumn\tasks\seq\poroshin_v_find_min_val_row_matrix\perf_tests\main.cpp">
      <Filter>Source Files</Filter>
    </ClCompile>
    <ClCompile Include="C:\Users\Elena\Documents\GitHub\ppc-2024-autumn\tasks\seq\rams_s_char_frequency\perf_tests\main.cpp">
      <Filter>Source Files</Filter>
    </ClCompile>
    <ClCompile Include="C:\Users\Elena\Documents\GitHub\ppc-2024-autumn\tasks\seq\rezantseva_a_vector_dot_product\perf_tests\main.cpp">
      <Filter>Source Files</Filter>
    </ClCompile>
    <ClCompile Include="C:\Users\Elena\Documents\GitHub\ppc-2024-autumn\tasks\seq\savchenko_m_min_matrix\perf_tests\main_savchenko.cpp">
      <Filter>Source Files</Filter>
    </ClCompile>
    <ClCompile Include="C:\Users\Elena\Documents\GitHub\ppc-2024-autumn\tasks\seq\shlyakov_m_min_value_of_row\perf_tests\main.cpp">
      <Filter>Source Files</Filter>
    </ClCompile>
    <ClCompile Include="C:\Users\Elena\Documents\GitHub\ppc-2024-autumn\tasks\seq\shvedova_v_char_freq\perf_tests\main.cpp">
      <Filter>Source Files</Filter>
    </ClCompile>
    <ClCompile Include="C:\Users\Elena\Documents\GitHub\ppc-2024-autumn\tasks\seq\smirnov_i_integration_by_rectangles\perf_tests\main.cpp">
      <Filter>Source Files</Filter>
    </ClCompile>
    <ClCompile Include="C:\Users\Elena\Documents\GitHub\ppc-2024-autumn\tasks\seq\solovev_a_word_count\perf_tests\main.cpp">
      <Filter>Source Files</Filter>
    </ClCompile>
    <ClCompile Include="C:\Users\Elena\Documents\GitHub\ppc-2024-autumn\tasks\seq\sorokin_a_check_lexicographic_order_of_strings\perf_tests\main.cpp">
      <Filter>Source Files</Filter>
    </ClCompile>
    <ClCompile Include="C:\Users\Elena\Documents\GitHub\ppc-2024-autumn\tasks\seq\sotskov_a_sum_element_matrix\perf_tests\main.cpp">
      <Filter>Source Files</Filter>
    </ClCompile>
    <ClCompile Include="C:\Users\Elena\Documents\GitHub\ppc-2024-autumn\tasks\seq\titov_s_vector_sum\perf_tests\main.cpp">
      <Filter>Source Files</Filter>
    </ClCompile>
    <ClCompile Include="C:\Users\Elena\Documents\GitHub\ppc-2024-autumn\tasks\seq\vasenkov_a_char_freq\perf_tests\main.cpp">
      <Filter>Source Files</Filter>
    </ClCompile>
    <ClCompile Include="C:\Users\Elena\Documents\GitHub\ppc-2024-autumn\tasks\seq\vedernikova_k_word_num_in_str\perf_tests\main.cpp">
      <Filter>Source Files</Filter>
    </ClCompile>
    <ClCompile Include="C:\Users\Elena\Documents\GitHub\ppc-2024-autumn\tasks\seq\volochaev_s_count_characters_27\perf_tests\main.cpp">
      <Filter>Source Files</Filter>
    </ClCompile>
    <ClCompile Include="C:\Users\Elena\Documents\GitHub\ppc-2024-autumn\tasks\seq\voroshilov_v_num_of_alphabetic_chars\perf_tests\main.cpp">
      <Filter>Source Files</Filter>
    </ClCompile>
    <ClCompile Include="C:\Users\Elena\Documents\GitHub\ppc-2024-autumn\tasks\seq\yasakova_t_min_of_vector_elements\perf_tests\main_yasakova.cpp">
      <Filter>Source Files</Filter>
    </ClCompile>
  </ItemGroup>
  <ItemGroup>
    <CustomBuild Include="C:\Users\Elena\Documents\GitHub\ppc-2024-autumn\tasks\CMakeLists.txt" />
  </ItemGroup>
  <ItemGroup>
    <Filter Include="Source Files">
      <UniqueIdentifier>{F56007BF-5788-31D3-87F4-98B9EE59C5DF}</UniqueIdentifier>
    </Filter>
  </ItemGroup>
</Project>
