
Microsoft Visual Studio Solution File, Format Version 12.00
# Visual Studio Version 17
Project("{8BC9CEB8-8B4A-11D0-8D11-00A0C91BC942}") = "ALL_BUILD", "ALL_BUILD.vcxproj", "{2BB5ADDA-2449-3DD6-981D-750B27EAFDCA}"
	ProjectSection(ProjectDependencies) = postProject
		{63693B1C-1FCC-3289-89AB-91B345E8AB76} = {63693B1C-1FCC-3289-89AB-91B345E8AB76}
		{885C5FB6-0624-360D-ACD0-D13B673C8052} = {885C5FB6-0624-360D-ACD0-D13B673C8052}
		{B4DCBFC2-8519-341B-A8B5-97A34FF6B461} = {B4DCBFC2-8519-341B-A8B5-97A34FF6B461}
	EndProjectSection
EndProject
Project("{8BC9CEB8-8B4A-11D0-8D11-00A0C91BC942}") = "ZERO_CHECK", "..\..\\ZERO_CHECK.vcxproj", "{63693B1C-1FCC-3289-89AB-91B345E8AB76}"
	ProjectSection(ProjectDependencies) = postProject
	EndProjectSection
EndProject
Project("{8BC9CEB8-8B4A-11D0-8D11-00A0C91BC942}") = "core_func_tests", "core_func_tests.vcxproj", "{885C5FB6-0624-360D-ACD0-D13B673C8052}"
	ProjectSection(ProjectDependencies) = postProject
		{63693B1C-1FCC-3289-89AB-91B345E8AB76} = {63693B1C-1FCC-3289-89AB-91B345E8AB76}
		{B4DCBFC2-8519-341B-A8B5-97A34FF6B461} = {B4DCBFC2-8519-341B-A8B5-97A34FF6B461}
		{6E9FA3C7-4DEA-313A-9B24-712B8881A22F} = {6E9FA3C7-4DEA-313A-9B24-712B8881A22F}
	EndProjectSection
EndProject
Project("{8BC9CEB8-8B4A-11D0-8D11-00A0C91BC942}") = "core_module_lib", "core_module_lib.vcxproj", "{B4DCBFC2-8519-341B-A8B5-97A34FF6B461}"
	ProjectSection(ProjectDependencies) = postProject
		{63693B1C-1FCC-3289-89AB-91B345E8AB76} = {63693B1C-1FCC-3289-89AB-91B345E8AB76}
	EndProjectSection
EndProject
Project("{8BC9CEB8-8B4A-11D0-8D11-00A0C91BC942}") = "ppc_googletest", "..\..\\ppc_googletest.vcxproj", "{6E9FA3C7-4DEA-313A-9B24-712B8881A22F}"
	ProjectSection(ProjectDependencies) = postProject
		{63693B1C-1FCC-3289-89AB-91B345E8AB76} = {63693B1C-1FCC-3289-89AB-91B345E8AB76}
	EndProjectSection
EndProject
Global
	GlobalSection(SolutionConfigurationPlatforms) = preSolution
		Debug|x64 = Debug|x64
		Release|x64 = Release|x64
		MinSizeRel|x64 = MinSizeRel|x64
		RelWithDebInfo|x64 = RelWithDebInfo|x64
	EndGlobalSection
	GlobalSection(ProjectConfigurationPlatforms) = postSolution
		{2BB5ADDA-2449-3DD6-981D-750B27EAFDCA}.Debug|x64.ActiveCfg = Debug|x64
		{2BB5ADDA-2449-3DD6-981D-750B27EAFDCA}.Release|x64.ActiveCfg = Release|x64
		{2BB5ADDA-2449-3DD6-981D-750B27EAFDCA}.MinSizeRel|x64.ActiveCfg = MinSizeRel|x64
		{2BB5ADDA-2449-3DD6-981D-750B27EAFDCA}.RelWithDebInfo|x64.ActiveCfg = RelWithDebInfo|x64
		{63693B1C-1FCC-3289-89AB-91B345E8AB76}.Debug|x64.ActiveCfg = Debug|x64
		{63693B1C-1FCC-3289-89AB-91B345E8AB76}.Debug|x64.Build.0 = Debug|x64
		{63693B1C-1FCC-3289-89AB-91B345E8AB76}.Release|x64.ActiveCfg = Release|x64
		{63693B1C-1FCC-3289-89AB-91B345E8AB76}.Release|x64.Build.0 = Release|x64
		{63693B1C-1FCC-3289-89AB-91B345E8AB76}.MinSizeRel|x64.ActiveCfg = MinSizeRel|x64
		{63693B1C-1FCC-3289-89AB-91B345E8AB76}.MinSizeRel|x64.Build.0 = MinSizeRel|x64
		{63693B1C-1FCC-3289-89AB-91B345E8AB76}.RelWithDebInfo|x64.ActiveCfg = RelWithDebInfo|x64
		{63693B1C-1FCC-3289-89AB-91B345E8AB76}.RelWithDebInfo|x64.Build.0 = RelWithDebInfo|x64
		{885C5FB6-0624-360D-ACD0-D13B673C8052}.Debug|x64.ActiveCfg = Debug|x64
		{885C5FB6-0624-360D-ACD0-D13B673C8052}.Debug|x64.Build.0 = Debug|x64
		{885C5FB6-0624-360D-ACD0-D13B673C8052}.Release|x64.ActiveCfg = Release|x64
		{885C5FB6-0624-360D-ACD0-D13B673C8052}.Release|x64.Build.0 = Release|x64
		{885C5FB6-0624-360D-ACD0-D13B673C8052}.MinSizeRel|x64.ActiveCfg = MinSizeRel|x64
		{885C5FB6-0624-360D-ACD0-D13B673C8052}.MinSizeRel|x64.Build.0 = MinSizeRel|x64
		{885C5FB6-0624-360D-ACD0-D13B673C8052}.RelWithDebInfo|x64.ActiveCfg = RelWithDebInfo|x64
		{885C5FB6-0624-360D-ACD0-D13B673C8052}.RelWithDebInfo|x64.Build.0 = RelWithDebInfo|x64
		{B4DCBFC2-8519-341B-A8B5-97A34FF6B461}.Debug|x64.ActiveCfg = Debug|x64
		{B4DCBFC2-8519-341B-A8B5-97A34FF6B461}.Debug|x64.Build.0 = Debug|x64
		{B4DCBFC2-8519-341B-A8B5-97A34FF6B461}.Release|x64.ActiveCfg = Release|x64
		{B4DCBFC2-8519-341B-A8B5-97A34FF6B461}.Release|x64.Build.0 = Release|x64
		{B4DCBFC2-8519-341B-A8B5-97A34FF6B461}.MinSizeRel|x64.ActiveCfg = MinSizeRel|x64
		{B4DCBFC2-8519-341B-A8B5-97A34FF6B461}.MinSizeRel|x64.Build.0 = MinSizeRel|x64
		{B4DCBFC2-8519-341B-A8B5-97A34FF6B461}.RelWithDebInfo|x64.ActiveCfg = RelWithDebInfo|x64
		{B4DCBFC2-8519-341B-A8B5-97A34FF6B461}.RelWithDebInfo|x64.Build.0 = RelWithDebInfo|x64
		{6E9FA3C7-4DEA-313A-9B24-712B8881A22F}.Debug|x64.ActiveCfg = Debug|x64
		{6E9FA3C7-4DEA-313A-9B24-712B8881A22F}.Debug|x64.Build.0 = Debug|x64
		{6E9FA3C7-4DEA-313A-9B24-712B8881A22F}.Release|x64.ActiveCfg = Release|x64
		{6E9FA3C7-4DEA-313A-9B24-712B8881A22F}.Release|x64.Build.0 = Release|x64
		{6E9FA3C7-4DEA-313A-9B24-712B8881A22F}.MinSizeRel|x64.ActiveCfg = MinSizeRel|x64
		{6E9FA3C7-4DEA-313A-9B24-712B8881A22F}.MinSizeRel|x64.Build.0 = MinSizeRel|x64
		{6E9FA3C7-4DEA-313A-9B24-712B8881A22F}.RelWithDebInfo|x64.ActiveCfg = RelWithDebInfo|x64
		{6E9FA3C7-4DEA-313A-9B24-712B8881A22F}.RelWithDebInfo|x64.Build.0 = RelWithDebInfo|x64
	EndGlobalSection
	GlobalSection(ExtensibilityGlobals) = postSolution
		SolutionGuid = {2B24C402-2505-3DF3-937F-4EEB5D56E674}
	EndGlobalSection
	GlobalSection(ExtensibilityAddIns) = postSolution
	EndGlobalSection
EndGlobal
